PODS:
  - KWSiOSSDKObjC (1.0.8):
    - SAJsonParser
  - SAJsonParser (1.2.0)

DEPENDENCIES:
  - KWSiOSSDKObjC (from `../`)

EXTERNAL SOURCES:
  KWSiOSSDKObjC:
    :path: ../

SPEC CHECKSUMS:
  KWSiOSSDKObjC: edceac29d5cc586b2f7d65f9eeadaf18f0ff941e
  SAJsonParser: b2ca75e9916c9f416adb1c75707ba776de760140

COCOAPODS: 0.38.2
