PODS:
  - KWSiOSSDKObjC (1.0.4):
    - SAJsonParser
  - SAJsonParser (1.1.2)

DEPENDENCIES:
  - KWSiOSSDKObjC (from `../`)

EXTERNAL SOURCES:
  KWSiOSSDKObjC:
    :path: ../

SPEC CHECKSUMS:
  KWSiOSSDKObjC: 7865d6824c52703a179905eea6e3317187542725
  SAJsonParser: 0428f82b9bd71c3641dc5e4033a80d8bf955d523

COCOAPODS: 0.38.2
