PODS:
  - Firebase (3.7.1):
    - Firebase/Core (= 3.7.1)
  - Firebase/Core (3.7.1):
    - FirebaseAnalytics (= 3.4.4)
    - FirebaseCore (= 3.4.3)
  - FirebaseAnalytics (3.4.4):
    - FirebaseCore (~> 3.4)
    - FirebaseInstanceID (~> 1.0)
    - GoogleInterchangeUtilities (~> 1.2)
    - GoogleSymbolUtilities (~> 1.1)
  - FirebaseCore (3.4.3):
    - GoogleInterchangeUtilities (~> 1.2)
    - GoogleUtilities (~> 1.2)
  - FirebaseInstanceID (1.0.8)
  - FirebaseMessaging (1.2.0):
    - FirebaseAnalytics (~> 3.3)
    - FirebaseInstanceID (~> 1.0)
    - GoogleInterchangeUtilities (~> 1.2)
    - GoogleIPhoneUtilities (~> 1.2)
    - GoogleSymbolUtilities (~> 1.1)
  - GoogleInterchangeUtilities (1.2.2):
    - GoogleSymbolUtilities (~> 1.1)
  - GoogleIPhoneUtilities (1.2.1):
    - GoogleSymbolUtilities (~> 1.0)
    - GoogleUtilities (~> 1.0)
  - GoogleSymbolUtilities (1.1.2)
  - GoogleUtilities (1.3.2):
    - GoogleSymbolUtilities (~> 1.1)
  - KWSiOSSDKObjC (2.1.1):
    - SAJsonParser (= 1.2.9)
    - SANetworking (= 0.2.5)
    - SAUtils (= 1.4.5)
  - SAJsonParser (1.2.9)
  - SANetworking (0.2.5)
  - SAUtils (1.4.5)

DEPENDENCIES:
  - Firebase (= 3.7.1)
  - FirebaseMessaging (= 1.2.0)
  - KWSiOSSDKObjC (from `../`)

EXTERNAL SOURCES:
  KWSiOSSDKObjC:
    :path: ../

SPEC CHECKSUMS:
  Firebase: be473484f0d515e72ffd04acf22f981773c23e58
  FirebaseAnalytics: 0533a00b681e08fd0b2cd0444b7ddf0ef9fd7a1a
  FirebaseCore: 5a885548bbc5f0c410b04f8e9ac9d73ff1221907
  FirebaseInstanceID: ba1e640935235e5fac39dfa816fe7660e72e1a8a
  FirebaseMessaging: 789d23fd796594dfb55dcf36cd325541df887c22
  GoogleInterchangeUtilities: d5bc4d88d5b661ab72f9d70c58d02ca8c27ad1f7
  GoogleIPhoneUtilities: 63f25e93a3ddcb66884d182aab3a660d98f1479b
  GoogleSymbolUtilities: 631ee17048aa5e9ab133470d768ea997a5ef9b96
  GoogleUtilities: 8bbc733218aad26306f9d4a253823986110e3358
  KWSiOSSDKObjC: 2d0a54a3e703d3b0abbe282be09e60d8295beba3
  SAJsonParser: 82e10833541da2efe6f558ab3de327a597235ce4
  SANetworking: e70cffed7d4b1f910bf24cd8bae72bf98caee253
  SAUtils: 4deab5b36d72a15f04e9c26ae2b96ac94bb028b4

PODFILE CHECKSUM: b8dc78bef8df1152e54373d4e434f013765d78d2

COCOAPODS: 1.0.1
