// !$*UTF8*$!
{
	archiveVersion = 1;
	classes = {
	};
	objectVersion = 46;
	objects = {

/* Begin PBXBuildFile section */
		1B467E671CF45A0000362A1A /* README.rst in Resources */ = {isa = PBXBuildFile; fileRef = 1B467E661CF45A0000362A1A /* README.rst */; };
		1B87E4A41CF89E400053FD8F /* KWSTokenTests.m in Sources */ = {isa = PBXBuildFile; fileRef = 1B87E4A31CF89E400053FD8F /* KWSTokenTests.m */; };
		1B87E4A61CF89E590053FD8F /* KWSCheckPermissionTests.m in Sources */ = {isa = PBXBuildFile; fileRef = 1B87E4A51CF89E590053FD8F /* KWSCheckPermissionTests.m */; };
		1B87E4A81CF89E690053FD8F /* KWSKWSRequestPermissionTests.m in Sources */ = {isa = PBXBuildFile; fileRef = 1B87E4A71CF89E690053FD8F /* KWSKWSRequestPermissionTests.m */; };
		1B92FD131D229B2500B75617 /* GoogleService-Info.plist in Resources */ = {isa = PBXBuildFile; fileRef = 1B92FD121D229B2500B75617 /* GoogleService-Info.plist */; };
		6003F58E195388D20070C39A /* Foundation.framework in Frameworks */ = {isa = PBXBuildFile; fileRef = 6003F58D195388D20070C39A /* Foundation.framework */; };
		6003F590195388D20070C39A /* CoreGraphics.framework in Frameworks */ = {isa = PBXBuildFile; fileRef = 6003F58F195388D20070C39A /* CoreGraphics.framework */; };
		6003F592195388D20070C39A /* UIKit.framework in Frameworks */ = {isa = PBXBuildFile; fileRef = 6003F591195388D20070C39A /* UIKit.framework */; };
		6003F598195388D20070C39A /* InfoPlist.strings in Resources */ = {isa = PBXBuildFile; fileRef = 6003F596195388D20070C39A /* InfoPlist.strings */; };
		6003F59A195388D20070C39A /* main.m in Sources */ = {isa = PBXBuildFile; fileRef = 6003F599195388D20070C39A /* main.m */; };
		6003F59E195388D20070C39A /* KWSAppDelegate.m in Sources */ = {isa = PBXBuildFile; fileRef = 6003F59D195388D20070C39A /* KWSAppDelegate.m */; };
		6003F5A7195388D20070C39A /* KWSViewController.m in Sources */ = {isa = PBXBuildFile; fileRef = 6003F5A6195388D20070C39A /* KWSViewController.m */; };
		6003F5A9195388D20070C39A /* Images.xcassets in Resources */ = {isa = PBXBuildFile; fileRef = 6003F5A8195388D20070C39A /* Images.xcassets */; };
		6003F5B0195388D20070C39A /* XCTest.framework in Frameworks */ = {isa = PBXBuildFile; fileRef = 6003F5AF195388D20070C39A /* XCTest.framework */; };
		6003F5B1195388D20070C39A /* Foundation.framework in Frameworks */ = {isa = PBXBuildFile; fileRef = 6003F58D195388D20070C39A /* Foundation.framework */; };
		6003F5B2195388D20070C39A /* UIKit.framework in Frameworks */ = {isa = PBXBuildFile; fileRef = 6003F591195388D20070C39A /* UIKit.framework */; };
		6003F5BA195388D20070C39A /* InfoPlist.strings in Resources */ = {isa = PBXBuildFile; fileRef = 6003F5B8195388D20070C39A /* InfoPlist.strings */; };
		6003F5BC195388D20070C39A /* Tests.m in Sources */ = {isa = PBXBuildFile; fileRef = 6003F5BB195388D20070C39A /* Tests.m */; };
		873B8AEB1B1F5CCA007FD442 /* Main.storyboard in Resources */ = {isa = PBXBuildFile; fileRef = 873B8AEA1B1F5CCA007FD442 /* Main.storyboard */; };
		9C057150206D02A60082AC0F /* KWSSwiftTableViewController.swift in Sources */ = {isa = PBXBuildFile; fileRef = 9C05714F206D02A60082AC0F /* KWSSwiftTableViewController.swift */; };
		9C104F1F203B43A5003FAEF7 /* Permissions+RequestTests.swift in Sources */ = {isa = PBXBuildFile; fileRef = 9C104F1E203B43A5003FAEF7 /* Permissions+RequestTests.swift */; };
		9C104F21203B4587003FAEF7 /* UserActions_RequestPermissions+MappingTests.swift in Sources */ = {isa = PBXBuildFile; fileRef = 9C104F20203B4587003FAEF7 /* UserActions_RequestPermissions+MappingTests.swift */; };
		9C104F23203B4972003FAEF7 /* UserActions_RequestPermissions+ObjectProviderTests.swift in Sources */ = {isa = PBXBuildFile; fileRef = 9C104F22203B4972003FAEF7 /* UserActions_RequestPermissions+ObjectProviderTests.swift */; };
		9C12C4CD20769CE3008364CB /* CreateUser_CreateUser+ObjectProviderTests.swift in Sources */ = {isa = PBXBuildFile; fileRef = 9C12C4CC20769CE3008364CB /* CreateUser_CreateUser+ObjectProviderTests.swift */; };
		9C18312F202085FC00DD4083 /* Login+RequestTests.swift in Sources */ = {isa = PBXBuildFile; fileRef = 9C18312E202085FC00DD4083 /* Login+RequestTests.swift */; };
		9C1831312020861900DD4083 /* Login+ObjectProviderTests.swift in Sources */ = {isa = PBXBuildFile; fileRef = 9C1831302020861900DD4083 /* Login+ObjectProviderTests.swift */; };
		9C1831332020862800DD4083 /* Login+MappingTests.swift in Sources */ = {isa = PBXBuildFile; fileRef = 9C1831322020862800DD4083 /* Login+MappingTests.swift */; };
		9C18313620208D6400DD4083 /* fixtures.bundle in Resources */ = {isa = PBXBuildFile; fileRef = 9C18313520208D6400DD4083 /* fixtures.bundle */; };
		9C18313820209F3E00DD4083 /* TestUtils.swift in Sources */ = {isa = PBXBuildFile; fileRef = 9C18313720209F3E00DD4083 /* TestUtils.swift */; };
		9C18313F2020F04F00DD4083 /* Mocks.swift in Sources */ = {isa = PBXBuildFile; fileRef = 9C18313E2020F04F00DD4083 /* Mocks.swift */; };
		9C3C5BCB203AE1F10095FC1C /* User_UpdateUser_ParentEmail+MappingTests.swift in Sources */ = {isa = PBXBuildFile; fileRef = 9C3C5BCA203AE1F10095FC1C /* User_UpdateUser_ParentEmail+MappingTests.swift */; };
		9C3C5BCD203AE22F0095FC1C /* User_UpdateUser_ParentEmail+ObjectProviderTests.swift in Sources */ = {isa = PBXBuildFile; fileRef = 9C3C5BCC203AE22F0095FC1C /* User_UpdateUser_ParentEmail+ObjectProviderTests.swift */; };
		9C59C7BA202B18B700BE4E74 /* RandomUsernameTests.swift in Sources */ = {isa = PBXBuildFile; fileRef = 9C59C7B9202B18B700BE4E74 /* RandomUsernameTests.swift */; };
		9C59C7BC202B190700BE4E74 /* CreateUser_TempAccessToken+MappingTests.swift in Sources */ = {isa = PBXBuildFile; fileRef = 9C59C7BB202B190700BE4E74 /* CreateUser_TempAccessToken+MappingTests.swift */; };
		9C59C7C0202B198C00BE4E74 /* RandomUsername_AppConfig+MappingTests.swift in Sources */ = {isa = PBXBuildFile; fileRef = 9C59C7BF202B198C00BE4E74 /* RandomUsername_AppConfig+MappingTests.swift */; };
		9C59C7C4202B19B800BE4E74 /* RandomUsername_DoRandomUsernameFetch+MappingTests.swift in Sources */ = {isa = PBXBuildFile; fileRef = 9C59C7C3202B19B800BE4E74 /* RandomUsername_DoRandomUsernameFetch+MappingTests.swift */; };
		9C59C7C8202B1D9B00BE4E74 /* TempAccessToken+RequestTests.swift in Sources */ = {isa = PBXBuildFile; fileRef = 9C59C7C7202B1D9B00BE4E74 /* TempAccessToken+RequestTests.swift */; };
		9C59C7CA202B1DF900BE4E74 /* AppConfig+RequestTests.swift in Sources */ = {isa = PBXBuildFile; fileRef = 9C59C7C9202B1DF900BE4E74 /* AppConfig+RequestTests.swift */; };
		9C59C7CC202B1ED000BE4E74 /* RandomUsername+RequestTests.swift in Sources */ = {isa = PBXBuildFile; fileRef = 9C59C7CB202B1ED000BE4E74 /* RandomUsername+RequestTests.swift */; };
		9C5A79C6207623CF009E4B8C /* UserAddress.swift in Sources */ = {isa = PBXBuildFile; fileRef = 9C5A79C5207623CF009E4B8C /* UserAddress.swift */; };
		9C5A79C8207626BC009E4B8C /* ApplicationProfileTest.swift in Sources */ = {isa = PBXBuildFile; fileRef = 9C5A79C7207626BC009E4B8C /* ApplicationProfileTest.swift */; };
		9C5A79CA207629D1009E4B8C /* ApplicationPermissionsTests.swift in Sources */ = {isa = PBXBuildFile; fileRef = 9C5A79C9207629D1009E4B8C /* ApplicationPermissionsTests.swift */; };
		9C5A79CC20762B57009E4B8C /* PointsTests.swift in Sources */ = {isa = PBXBuildFile; fileRef = 9C5A79CB20762B57009E4B8C /* PointsTests.swift */; };
		9C5A79CE20762C44009E4B8C /* LoggedUserTests.swift in Sources */ = {isa = PBXBuildFile; fileRef = 9C5A79CD20762C44009E4B8C /* LoggedUserTests.swift */; };
		9C5A79D0207634EA009E4B8C /* TokenDataTests.swift in Sources */ = {isa = PBXBuildFile; fileRef = 9C5A79CF207634EA009E4B8C /* TokenDataTests.swift */; };
		9C5A79D2207634F3009E4B8C /* AppConfigTests.swift in Sources */ = {isa = PBXBuildFile; fileRef = 9C5A79D1207634F3009E4B8C /* AppConfigTests.swift */; };
		9C5A79D420763500009E4B8C /* AuthUserResponseTests.swift in Sources */ = {isa = PBXBuildFile; fileRef = 9C5A79D320763500009E4B8C /* AuthUserResponseTests.swift */; };
		9C5A79D620763888009E4B8C /* LoginAuthResponseTests.swift in Sources */ = {isa = PBXBuildFile; fileRef = 9C5A79D520763888009E4B8C /* LoginAuthResponseTests.swift */; };
		9C68ED87207A7A4300444D2B /* RandomUsername_GetRandomUsername+ObjectProviderTests.swift in Sources */ = {isa = PBXBuildFile; fileRef = 9C68ED85207A792400444D2B /* RandomUsername_GetRandomUsername+ObjectProviderTests.swift */; };
		9C68ED8F207A87D900444D2B /* Session+ObjectProviderTests.swift in Sources */ = {isa = PBXBuildFile; fileRef = 9C68ED8B207A87BE00444D2B /* Session+ObjectProviderTests.swift */; };
		9C6F9D60207B7DCC00F78119 /* (null) in Sources */ = {isa = PBXBuildFile; };
		9C6F9D62207B7E5200F78119 /* (null) in Sources */ = {isa = PBXBuildFile; };
		9C6F9D64207B7E5E00F78119 /* (null) in Sources */ = {isa = PBXBuildFile; };
		9C6F9D71207BD6CC00F78119 /* SetAppData+RequestTests.swift in Sources */ = {isa = PBXBuildFile; fileRef = 9C6F9D70207BD6CC00F78119 /* SetAppData+RequestTests.swift */; };
		9C6F9D74207BD73100F78119 /* SetAppDataFakeResponse+Mapping.swift in Sources */ = {isa = PBXBuildFile; fileRef = 9C6F9D72207BD73100F78119 /* SetAppDataFakeResponse+Mapping.swift */; };
		9C6F9D75207BD73100F78119 /* SetAppDataFakeResponse.swift in Sources */ = {isa = PBXBuildFile; fileRef = 9C6F9D73207BD73100F78119 /* SetAppDataFakeResponse.swift */; };
		9C6F9D79207BD74700F78119 /* UserActions_SetAppData+MappingTests.swift in Sources */ = {isa = PBXBuildFile; fileRef = 9C6F9D77207BD74600F78119 /* UserActions_SetAppData+MappingTests.swift */; };
		9C6F9D7A207BD74700F78119 /* UserActions_SetAppData+ObjectProviderTests.swift in Sources */ = {isa = PBXBuildFile; fileRef = 9C6F9D78207BD74600F78119 /* UserActions_SetAppData+ObjectProviderTests.swift */; };
		9C7F2FFB202DE2F0002795DD /* User_GetUserDetails+RequestTests.swift in Sources */ = {isa = PBXBuildFile; fileRef = 9C7F2FFA202DE2F0002795DD /* User_GetUserDetails+RequestTests.swift */; };
		9C7F2FFE202DE980002795DD /* UserDetailsTests.swift in Sources */ = {isa = PBXBuildFile; fileRef = 9C7F2FFD202DE980002795DD /* UserDetailsTests.swift */; };
		9C7F3000202DEB92002795DD /* User_GetUser_+MappingTests.swift in Sources */ = {isa = PBXBuildFile; fileRef = 9C7F2FFF202DEB92002795DD /* User_GetUser_+MappingTests.swift */; };
		9C7F3002202DF71C002795DD /* User_GetUser+ObjectProviderTests.swift in Sources */ = {isa = PBXBuildFile; fileRef = 9C7F3001202DF71C002795DD /* User_GetUser+ObjectProviderTests.swift */; };
		9C80FD3720285E57003BD328 /* CreateUser_DoUserCreation+MappingTests.swift in Sources */ = {isa = PBXBuildFile; fileRef = 9C80FD3620285E57003BD328 /* CreateUser_DoUserCreation+MappingTests.swift */; };
		9C80FD3920285F46003BD328 /* CreateUser+RequestTests.swift in Sources */ = {isa = PBXBuildFile; fileRef = 9C80FD3820285F46003BD328 /* CreateUser+RequestTests.swift */; };
		9C9CD8C020345C060019CF2C /* User_UpdateUser_UserDetails+ObjectProviderTests.swift in Sources */ = {isa = PBXBuildFile; fileRef = 9C9CD8BF20345C060019CF2C /* User_UpdateUser_UserDetails+ObjectProviderTests.swift */; };
		9C9CD8C220345C170019CF2C /* User_UpdateUser_UserDetails+MappingTests.swift in Sources */ = {isa = PBXBuildFile; fileRef = 9C9CD8C120345C170019CF2C /* User_UpdateUser_UserDetails+MappingTests.swift */; };
		9C9CD8C720349F9C0019CF2C /* User_UpdateUserDetails+RequestTests.swift in Sources */ = {isa = PBXBuildFile; fileRef = 9C9CD8C620349F9C0019CF2C /* User_UpdateUserDetails+RequestTests.swift */; };
		9CD6E5DA207BE3C50077F56C /* UpdateUserDetailsFakeResponse.swift in Sources */ = {isa = PBXBuildFile; fileRef = 9CD6E5D9207BE3C50077F56C /* UpdateUserDetailsFakeResponse.swift */; };
		9CD6E5DC207BE3D30077F56C /* UpdateUserDetailsFakeResponse+Mapping.swift in Sources */ = {isa = PBXBuildFile; fileRef = 9CD6E5DB207BE3D30077F56C /* UpdateUserDetailsFakeResponse+Mapping.swift */; };
		9CD6E5DD207BE6A10077F56C /* KWSEnvironmentModels.swift in Sources */ = {isa = PBXBuildFile; fileRef = 9C6F9D65207BA13500F78119 /* KWSEnvironmentModels.swift */; };
		9CDBB3BE202C6F6A00D20FD4 /* RandomUsernameFakeResponse.swift in Sources */ = {isa = PBXBuildFile; fileRef = 9CDBB3BD202C6F6A00D20FD4 /* RandomUsernameFakeResponse.swift */; };
		9CDBB3C0202C6FA200D20FD4 /* RandoUsernameFakeResponse+Mapping.swift in Sources */ = {isa = PBXBuildFile; fileRef = 9CDBB3BF202C6FA200D20FD4 /* RandoUsernameFakeResponse+Mapping.swift */; };
		9CF4569E207E84D300D3CC67 /* LeadersTests.swift in Sources */ = {isa = PBXBuildFile; fileRef = 9CF4569C207E84D200D3CC67 /* LeadersTests.swift */; };
		9CF4569F207E84D300D3CC67 /* ScoreTests.swift in Sources */ = {isa = PBXBuildFile; fileRef = 9CF4569D207E84D200D3CC67 /* ScoreTests.swift */; };
		9CF456A1207E855D00D3CC67 /* Leaders+RequestTests.swift in Sources */ = {isa = PBXBuildFile; fileRef = 9CF456A0207E855D00D3CC67 /* Leaders+RequestTests.swift */; };
		9CF456A3207E857800D3CC67 /* GetUserScore+RequestTests.swift in Sources */ = {isa = PBXBuildFile; fileRef = 9CF456A2207E857800D3CC67 /* GetUserScore+RequestTests.swift */; };
		9CF456A9207E859800D3CC67 /* Scoring_GetLeaders+MappingTests.swift in Sources */ = {isa = PBXBuildFile; fileRef = 9CF456A5207E859800D3CC67 /* Scoring_GetLeaders+MappingTests.swift */; };
		9CF456AA207E859800D3CC67 /* Scoring_GetScore+ObjectProviderTests.swift in Sources */ = {isa = PBXBuildFile; fileRef = 9CF456A6207E859800D3CC67 /* Scoring_GetScore+ObjectProviderTests.swift */; };
		9CF456AB207E859800D3CC67 /* Scoring_GetLeaders+ObjectProviderTests.swift in Sources */ = {isa = PBXBuildFile; fileRef = 9CF456A7207E859800D3CC67 /* Scoring_GetLeaders+ObjectProviderTests.swift */; };
		9CF456AC207E859800D3CC67 /* Scoring_GetScore+MappingTests.swift in Sources */ = {isa = PBXBuildFile; fileRef = 9CF456A8207E859800D3CC67 /* Scoring_GetScore+MappingTests.swift */; };
		9CFD4A0D207C0034002CC7B6 /* InviteUser+RequestTests.swift in Sources */ = {isa = PBXBuildFile; fileRef = 9CFD4A0C207C0034002CC7B6 /* InviteUser+RequestTests.swift */; };
		9CFD4A0F207C02FF002CC7B6 /* UserActions_InviteUser+MappingTests.swift in Sources */ = {isa = PBXBuildFile; fileRef = 9CFD4A0E207C02FF002CC7B6 /* UserActions_InviteUser+MappingTests.swift */; };
		9CFD4A11207C1271002CC7B6 /* UserActions_InviteUser+ObjectProvider.swift in Sources */ = {isa = PBXBuildFile; fileRef = 9CFD4A10207C1271002CC7B6 /* UserActions_InviteUser+ObjectProvider.swift */; };
		9CFD4A17207C1BD4002CC7B6 /* HasTriggeredEvent+RequestTests.swift in Sources */ = {isa = PBXBuildFile; fileRef = 9CFD4A16207C1BD4002CC7B6 /* HasTriggeredEvent+RequestTests.swift */; };
		9CFD4A19207C1BE4002CC7B6 /* TriggerEvent+RequestTests.swift in Sources */ = {isa = PBXBuildFile; fileRef = 9CFD4A18207C1BE4002CC7B6 /* TriggerEvent+RequestTests.swift */; };
		9CFD4A1E207C25CB002CC7B6 /* UserActions_TriggerEvent+MappingTests.swift in Sources */ = {isa = PBXBuildFile; fileRef = 9CFD4A1D207C25CB002CC7B6 /* UserActions_TriggerEvent+MappingTests.swift */; };
		9CFD4A20207C25E3002CC7B6 /* UserActions_TriggerEvent+ObjectProvider.swift in Sources */ = {isa = PBXBuildFile; fileRef = 9CFD4A1F207C25E3002CC7B6 /* UserActions_TriggerEvent+ObjectProvider.swift */; };
		9CFD4A22207C25F4002CC7B6 /* UserActions_HasTriggeredEvent+MappingTests.swift in Sources */ = {isa = PBXBuildFile; fileRef = 9CFD4A21207C25F4002CC7B6 /* UserActions_HasTriggeredEvent+MappingTests.swift */; };
		9CFD4A24207C2603002CC7B6 /* UserActions_HasTriggeredEvent+ObjectProvider.swift in Sources */ = {isa = PBXBuildFile; fileRef = 9CFD4A23207C2603002CC7B6 /* UserActions_HasTriggeredEvent+ObjectProvider.swift */; };
		A42D5B5943E86C60CCA171E8 /* Pods_KWSiOSSDKObjC_Tests.framework in Frameworks */ = {isa = PBXBuildFile; fileRef = F4A957CB14B000B5D0F54508 /* Pods_KWSiOSSDKObjC_Tests.framework */; };
		B3D6168FCDECF613E1EEB140 /* Pods_KWSiOSSDKObjC_Example.framework in Frameworks */ = {isa = PBXBuildFile; fileRef = 9A4967F6F548204F77DEFF20 /* Pods_KWSiOSSDKObjC_Example.framework */; };
/* End PBXBuildFile section */

/* Begin PBXContainerItemProxy section */
		6003F5B3195388D20070C39A /* PBXContainerItemProxy */ = {
			isa = PBXContainerItemProxy;
			containerPortal = 6003F582195388D10070C39A /* Project object */;
			proxyType = 1;
			remoteGlobalIDString = 6003F589195388D20070C39A;
			remoteInfo = KWSiOSSDKObjC;
		};
/* End PBXContainerItemProxy section */

/* Begin PBXFileReference section */
		1B467E661CF45A0000362A1A /* README.rst */ = {isa = PBXFileReference; fileEncoding = 4; lastKnownFileType = text; path = README.rst; sourceTree = "<group>"; };
		1B5363951DAD1B70006A1AD3 /* KWSiOSSDKObjC_Example.entitlements */ = {isa = PBXFileReference; lastKnownFileType = text.plist.entitlements; path = KWSiOSSDKObjC_Example.entitlements; sourceTree = "<group>"; };
		1B87E4A31CF89E400053FD8F /* KWSTokenTests.m */ = {isa = PBXFileReference; fileEncoding = 4; lastKnownFileType = sourcecode.c.objc; path = KWSTokenTests.m; sourceTree = "<group>"; };
		1B87E4A51CF89E590053FD8F /* KWSCheckPermissionTests.m */ = {isa = PBXFileReference; fileEncoding = 4; lastKnownFileType = sourcecode.c.objc; path = KWSCheckPermissionTests.m; sourceTree = "<group>"; };
		1B87E4A71CF89E690053FD8F /* KWSKWSRequestPermissionTests.m */ = {isa = PBXFileReference; fileEncoding = 4; lastKnownFileType = sourcecode.c.objc; path = KWSKWSRequestPermissionTests.m; sourceTree = "<group>"; };
		1B92FD121D229B2500B75617 /* GoogleService-Info.plist */ = {isa = PBXFileReference; fileEncoding = 4; lastKnownFileType = text.plist.xml; path = "GoogleService-Info.plist"; sourceTree = "<group>"; };
		3104F21C8D347646BD310E40 /* Pods-KWSiOSSDKObjC_Example.release.xcconfig */ = {isa = PBXFileReference; includeInIndex = 1; lastKnownFileType = text.xcconfig; name = "Pods-KWSiOSSDKObjC_Example.release.xcconfig"; path = "Pods/Target Support Files/Pods-KWSiOSSDKObjC_Example/Pods-KWSiOSSDKObjC_Example.release.xcconfig"; sourceTree = "<group>"; };
		6003F58A195388D20070C39A /* KWSiOSSDKObjC_Example.app */ = {isa = PBXFileReference; explicitFileType = wrapper.application; includeInIndex = 0; path = KWSiOSSDKObjC_Example.app; sourceTree = BUILT_PRODUCTS_DIR; };
		6003F58D195388D20070C39A /* Foundation.framework */ = {isa = PBXFileReference; lastKnownFileType = wrapper.framework; name = Foundation.framework; path = System/Library/Frameworks/Foundation.framework; sourceTree = SDKROOT; };
		6003F58F195388D20070C39A /* CoreGraphics.framework */ = {isa = PBXFileReference; lastKnownFileType = wrapper.framework; name = CoreGraphics.framework; path = System/Library/Frameworks/CoreGraphics.framework; sourceTree = SDKROOT; };
		6003F591195388D20070C39A /* UIKit.framework */ = {isa = PBXFileReference; lastKnownFileType = wrapper.framework; name = UIKit.framework; path = System/Library/Frameworks/UIKit.framework; sourceTree = SDKROOT; };
		6003F595195388D20070C39A /* KWSiOSSDKObjC-Info.plist */ = {isa = PBXFileReference; lastKnownFileType = text.plist.xml; path = "KWSiOSSDKObjC-Info.plist"; sourceTree = "<group>"; };
		6003F597195388D20070C39A /* en */ = {isa = PBXFileReference; lastKnownFileType = text.plist.strings; name = en; path = en.lproj/InfoPlist.strings; sourceTree = "<group>"; };
		6003F599195388D20070C39A /* main.m */ = {isa = PBXFileReference; lastKnownFileType = sourcecode.c.objc; path = main.m; sourceTree = "<group>"; };
		6003F59B195388D20070C39A /* KWSiOSSDKObjC-Prefix.pch */ = {isa = PBXFileReference; lastKnownFileType = sourcecode.c.h; path = "KWSiOSSDKObjC-Prefix.pch"; sourceTree = "<group>"; };
		6003F59C195388D20070C39A /* KWSAppDelegate.h */ = {isa = PBXFileReference; lastKnownFileType = sourcecode.c.h; path = KWSAppDelegate.h; sourceTree = "<group>"; };
		6003F59D195388D20070C39A /* KWSAppDelegate.m */ = {isa = PBXFileReference; lastKnownFileType = sourcecode.c.objc; path = KWSAppDelegate.m; sourceTree = "<group>"; };
		6003F5A5195388D20070C39A /* KWSViewController.h */ = {isa = PBXFileReference; lastKnownFileType = sourcecode.c.h; path = KWSViewController.h; sourceTree = "<group>"; };
		6003F5A6195388D20070C39A /* KWSViewController.m */ = {isa = PBXFileReference; lastKnownFileType = sourcecode.c.objc; path = KWSViewController.m; sourceTree = "<group>"; };
		6003F5A8195388D20070C39A /* Images.xcassets */ = {isa = PBXFileReference; lastKnownFileType = folder.assetcatalog; path = Images.xcassets; sourceTree = "<group>"; };
		6003F5AE195388D20070C39A /* KWSiOSSDKObjC_Tests.xctest */ = {isa = PBXFileReference; explicitFileType = wrapper.cfbundle; includeInIndex = 0; path = KWSiOSSDKObjC_Tests.xctest; sourceTree = BUILT_PRODUCTS_DIR; };
		6003F5AF195388D20070C39A /* XCTest.framework */ = {isa = PBXFileReference; lastKnownFileType = wrapper.framework; name = XCTest.framework; path = Library/Frameworks/XCTest.framework; sourceTree = DEVELOPER_DIR; };
		6003F5B7195388D20070C39A /* Tests-Info.plist */ = {isa = PBXFileReference; lastKnownFileType = text.plist.xml; path = "Tests-Info.plist"; sourceTree = "<group>"; };
		6003F5B9195388D20070C39A /* en */ = {isa = PBXFileReference; lastKnownFileType = text.plist.strings; name = en; path = en.lproj/InfoPlist.strings; sourceTree = "<group>"; };
		6003F5BB195388D20070C39A /* Tests.m */ = {isa = PBXFileReference; lastKnownFileType = sourcecode.c.objc; path = Tests.m; sourceTree = "<group>"; };
		606FC2411953D9B200FFA9A0 /* Tests-Prefix.pch */ = {isa = PBXFileReference; lastKnownFileType = sourcecode.c.h; path = "Tests-Prefix.pch"; sourceTree = "<group>"; };
		7AC62AF8E5058CC49024DDCE /* Pods-KWSiOSSDKObjC_Tests.debug.xcconfig */ = {isa = PBXFileReference; includeInIndex = 1; lastKnownFileType = text.xcconfig; name = "Pods-KWSiOSSDKObjC_Tests.debug.xcconfig"; path = "Pods/Target Support Files/Pods-KWSiOSSDKObjC_Tests/Pods-KWSiOSSDKObjC_Tests.debug.xcconfig"; sourceTree = "<group>"; };
		7C100CCFD18D61668F985BB7 /* KWSiOSSDKObjC.podspec */ = {isa = PBXFileReference; includeInIndex = 1; lastKnownFileType = text; name = KWSiOSSDKObjC.podspec; path = ../KWSiOSSDKObjC.podspec; sourceTree = "<group>"; xcLanguageSpecificationIdentifier = xcode.lang.ruby; };
		873B8AEA1B1F5CCA007FD442 /* Main.storyboard */ = {isa = PBXFileReference; fileEncoding = 4; lastKnownFileType = file.storyboard; path = Main.storyboard; sourceTree = "<group>"; };
		888816DE2D88B99539CA41FB /* LICENSE */ = {isa = PBXFileReference; includeInIndex = 1; lastKnownFileType = text; name = LICENSE; path = ../LICENSE; sourceTree = "<group>"; };
		9A4967F6F548204F77DEFF20 /* Pods_KWSiOSSDKObjC_Example.framework */ = {isa = PBXFileReference; explicitFileType = wrapper.framework; includeInIndex = 0; path = Pods_KWSiOSSDKObjC_Example.framework; sourceTree = BUILT_PRODUCTS_DIR; };
		9C057148206CEC0C0082AC0F /* KWSiOSSDKObjC_Example-Bridging-Header.h */ = {isa = PBXFileReference; lastKnownFileType = sourcecode.c.h; path = "KWSiOSSDKObjC_Example-Bridging-Header.h"; sourceTree = "<group>"; };
		9C05714F206D02A60082AC0F /* KWSSwiftTableViewController.swift */ = {isa = PBXFileReference; lastKnownFileType = sourcecode.swift; path = KWSSwiftTableViewController.swift; sourceTree = "<group>"; };
		9C104F1E203B43A5003FAEF7 /* Permissions+RequestTests.swift */ = {isa = PBXFileReference; lastKnownFileType = sourcecode.swift; path = "Permissions+RequestTests.swift"; sourceTree = "<group>"; };
		9C104F20203B4587003FAEF7 /* UserActions_RequestPermissions+MappingTests.swift */ = {isa = PBXFileReference; lastKnownFileType = sourcecode.swift; path = "UserActions_RequestPermissions+MappingTests.swift"; sourceTree = "<group>"; };
		9C104F22203B4972003FAEF7 /* UserActions_RequestPermissions+ObjectProviderTests.swift */ = {isa = PBXFileReference; lastKnownFileType = sourcecode.swift; path = "UserActions_RequestPermissions+ObjectProviderTests.swift"; sourceTree = "<group>"; };
		9C12C4CC20769CE3008364CB /* CreateUser_CreateUser+ObjectProviderTests.swift */ = {isa = PBXFileReference; lastKnownFileType = sourcecode.swift; path = "CreateUser_CreateUser+ObjectProviderTests.swift"; sourceTree = "<group>"; };
		9C18312E202085FC00DD4083 /* Login+RequestTests.swift */ = {isa = PBXFileReference; lastKnownFileType = sourcecode.swift; path = "Login+RequestTests.swift"; sourceTree = "<group>"; };
		9C1831302020861900DD4083 /* Login+ObjectProviderTests.swift */ = {isa = PBXFileReference; lastKnownFileType = sourcecode.swift; path = "Login+ObjectProviderTests.swift"; sourceTree = "<group>"; };
		9C1831322020862800DD4083 /* Login+MappingTests.swift */ = {isa = PBXFileReference; lastKnownFileType = sourcecode.swift; path = "Login+MappingTests.swift"; sourceTree = "<group>"; };
		9C18313520208D6400DD4083 /* fixtures.bundle */ = {isa = PBXFileReference; lastKnownFileType = "wrapper.plug-in"; path = fixtures.bundle; sourceTree = "<group>"; };
		9C18313720209F3E00DD4083 /* TestUtils.swift */ = {isa = PBXFileReference; lastKnownFileType = sourcecode.swift; path = TestUtils.swift; sourceTree = "<group>"; };
		9C18313E2020F04F00DD4083 /* Mocks.swift */ = {isa = PBXFileReference; lastKnownFileType = sourcecode.swift; path = Mocks.swift; sourceTree = "<group>"; };
		9C3C5BCA203AE1F10095FC1C /* User_UpdateUser_ParentEmail+MappingTests.swift */ = {isa = PBXFileReference; lastKnownFileType = sourcecode.swift; path = "User_UpdateUser_ParentEmail+MappingTests.swift"; sourceTree = "<group>"; };
		9C3C5BCC203AE22F0095FC1C /* User_UpdateUser_ParentEmail+ObjectProviderTests.swift */ = {isa = PBXFileReference; lastKnownFileType = sourcecode.swift; path = "User_UpdateUser_ParentEmail+ObjectProviderTests.swift"; sourceTree = "<group>"; };
		9C59C7B9202B18B700BE4E74 /* RandomUsernameTests.swift */ = {isa = PBXFileReference; lastKnownFileType = sourcecode.swift; path = RandomUsernameTests.swift; sourceTree = "<group>"; };
		9C59C7BB202B190700BE4E74 /* CreateUser_TempAccessToken+MappingTests.swift */ = {isa = PBXFileReference; lastKnownFileType = sourcecode.swift; path = "CreateUser_TempAccessToken+MappingTests.swift"; sourceTree = "<group>"; };
		9C59C7BF202B198C00BE4E74 /* RandomUsername_AppConfig+MappingTests.swift */ = {isa = PBXFileReference; lastKnownFileType = sourcecode.swift; path = "RandomUsername_AppConfig+MappingTests.swift"; sourceTree = "<group>"; };
		9C59C7C3202B19B800BE4E74 /* RandomUsername_DoRandomUsernameFetch+MappingTests.swift */ = {isa = PBXFileReference; lastKnownFileType = sourcecode.swift; path = "RandomUsername_DoRandomUsernameFetch+MappingTests.swift"; sourceTree = "<group>"; };
		9C59C7C7202B1D9B00BE4E74 /* TempAccessToken+RequestTests.swift */ = {isa = PBXFileReference; lastKnownFileType = sourcecode.swift; path = "TempAccessToken+RequestTests.swift"; sourceTree = "<group>"; };
		9C59C7C9202B1DF900BE4E74 /* AppConfig+RequestTests.swift */ = {isa = PBXFileReference; lastKnownFileType = sourcecode.swift; path = "AppConfig+RequestTests.swift"; sourceTree = "<group>"; };
		9C59C7CB202B1ED000BE4E74 /* RandomUsername+RequestTests.swift */ = {isa = PBXFileReference; lastKnownFileType = sourcecode.swift; path = "RandomUsername+RequestTests.swift"; sourceTree = "<group>"; };
		9C5A79C5207623CF009E4B8C /* UserAddress.swift */ = {isa = PBXFileReference; lastKnownFileType = sourcecode.swift; path = UserAddress.swift; sourceTree = "<group>"; };
		9C5A79C7207626BC009E4B8C /* ApplicationProfileTest.swift */ = {isa = PBXFileReference; lastKnownFileType = sourcecode.swift; path = ApplicationProfileTest.swift; sourceTree = "<group>"; };
		9C5A79C9207629D1009E4B8C /* ApplicationPermissionsTests.swift */ = {isa = PBXFileReference; lastKnownFileType = sourcecode.swift; path = ApplicationPermissionsTests.swift; sourceTree = "<group>"; };
		9C5A79CB20762B57009E4B8C /* PointsTests.swift */ = {isa = PBXFileReference; lastKnownFileType = sourcecode.swift; path = PointsTests.swift; sourceTree = "<group>"; };
		9C5A79CD20762C44009E4B8C /* LoggedUserTests.swift */ = {isa = PBXFileReference; lastKnownFileType = sourcecode.swift; path = LoggedUserTests.swift; sourceTree = "<group>"; };
		9C5A79CF207634EA009E4B8C /* TokenDataTests.swift */ = {isa = PBXFileReference; lastKnownFileType = sourcecode.swift; path = TokenDataTests.swift; sourceTree = "<group>"; };
		9C5A79D1207634F3009E4B8C /* AppConfigTests.swift */ = {isa = PBXFileReference; lastKnownFileType = sourcecode.swift; path = AppConfigTests.swift; sourceTree = "<group>"; };
		9C5A79D320763500009E4B8C /* AuthUserResponseTests.swift */ = {isa = PBXFileReference; lastKnownFileType = sourcecode.swift; path = AuthUserResponseTests.swift; sourceTree = "<group>"; };
		9C5A79D520763888009E4B8C /* LoginAuthResponseTests.swift */ = {isa = PBXFileReference; lastKnownFileType = sourcecode.swift; path = LoginAuthResponseTests.swift; sourceTree = "<group>"; };
		9C68ED85207A792400444D2B /* RandomUsername_GetRandomUsername+ObjectProviderTests.swift */ = {isa = PBXFileReference; lastKnownFileType = sourcecode.swift; path = "RandomUsername_GetRandomUsername+ObjectProviderTests.swift"; sourceTree = "<group>"; };
		9C68ED8B207A87BE00444D2B /* Session+ObjectProviderTests.swift */ = {isa = PBXFileReference; lastKnownFileType = sourcecode.swift; path = "Session+ObjectProviderTests.swift"; sourceTree = "<group>"; };
		9C6F9D65207BA13500F78119 /* KWSEnvironmentModels.swift */ = {isa = PBXFileReference; lastKnownFileType = sourcecode.swift; path = KWSEnvironmentModels.swift; sourceTree = "<group>"; };
		9C6F9D67207BD13F00F78119 /* User_Actions_GetAppData+ObjectProviderTests.swift */ = {isa = PBXFileReference; fileEncoding = 4; lastKnownFileType = sourcecode.swift; path = "User_Actions_GetAppData+ObjectProviderTests.swift"; sourceTree = "<group>"; };
		9C6F9D68207BD13F00F78119 /* User_Actions_GetAppData+MappingTests.swift */ = {isa = PBXFileReference; fileEncoding = 4; lastKnownFileType = sourcecode.swift; path = "User_Actions_GetAppData+MappingTests.swift"; sourceTree = "<group>"; };
		9C6F9D6B207BD16E00F78119 /* GetAppData+RequestTests.swift */ = {isa = PBXFileReference; fileEncoding = 4; lastKnownFileType = sourcecode.swift; path = "GetAppData+RequestTests.swift"; sourceTree = "<group>"; };
		9C6F9D70207BD6CC00F78119 /* SetAppData+RequestTests.swift */ = {isa = PBXFileReference; fileEncoding = 4; lastKnownFileType = sourcecode.swift; path = "SetAppData+RequestTests.swift"; sourceTree = "<group>"; };
		9C6F9D72207BD73100F78119 /* SetAppDataFakeResponse+Mapping.swift */ = {isa = PBXFileReference; fileEncoding = 4; lastKnownFileType = sourcecode.swift; path = "SetAppDataFakeResponse+Mapping.swift"; sourceTree = "<group>"; };
		9C6F9D73207BD73100F78119 /* SetAppDataFakeResponse.swift */ = {isa = PBXFileReference; fileEncoding = 4; lastKnownFileType = sourcecode.swift; path = SetAppDataFakeResponse.swift; sourceTree = "<group>"; };
		9C6F9D77207BD74600F78119 /* UserActions_SetAppData+MappingTests.swift */ = {isa = PBXFileReference; fileEncoding = 4; lastKnownFileType = sourcecode.swift; path = "UserActions_SetAppData+MappingTests.swift"; sourceTree = "<group>"; };
		9C6F9D78207BD74600F78119 /* UserActions_SetAppData+ObjectProviderTests.swift */ = {isa = PBXFileReference; fileEncoding = 4; lastKnownFileType = sourcecode.swift; path = "UserActions_SetAppData+ObjectProviderTests.swift"; sourceTree = "<group>"; };
		9C7F2FFA202DE2F0002795DD /* User_GetUserDetails+RequestTests.swift */ = {isa = PBXFileReference; lastKnownFileType = sourcecode.swift; path = "User_GetUserDetails+RequestTests.swift"; sourceTree = "<group>"; };
		9C7F2FFD202DE980002795DD /* UserDetailsTests.swift */ = {isa = PBXFileReference; lastKnownFileType = sourcecode.swift; path = UserDetailsTests.swift; sourceTree = "<group>"; };
		9C7F2FFF202DEB92002795DD /* User_GetUser_+MappingTests.swift */ = {isa = PBXFileReference; lastKnownFileType = sourcecode.swift; path = "User_GetUser_+MappingTests.swift"; sourceTree = "<group>"; };
		9C7F3001202DF71C002795DD /* User_GetUser+ObjectProviderTests.swift */ = {isa = PBXFileReference; lastKnownFileType = sourcecode.swift; path = "User_GetUser+ObjectProviderTests.swift"; sourceTree = "<group>"; };
		9C80FD3620285E57003BD328 /* CreateUser_DoUserCreation+MappingTests.swift */ = {isa = PBXFileReference; lastKnownFileType = sourcecode.swift; path = "CreateUser_DoUserCreation+MappingTests.swift"; sourceTree = "<group>"; };
		9C80FD3820285F46003BD328 /* CreateUser+RequestTests.swift */ = {isa = PBXFileReference; lastKnownFileType = sourcecode.swift; path = "CreateUser+RequestTests.swift"; sourceTree = "<group>"; };
		9C9CD8BF20345C060019CF2C /* User_UpdateUser_UserDetails+ObjectProviderTests.swift */ = {isa = PBXFileReference; lastKnownFileType = sourcecode.swift; path = "User_UpdateUser_UserDetails+ObjectProviderTests.swift"; sourceTree = "<group>"; };
		9C9CD8C120345C170019CF2C /* User_UpdateUser_UserDetails+MappingTests.swift */ = {isa = PBXFileReference; lastKnownFileType = sourcecode.swift; path = "User_UpdateUser_UserDetails+MappingTests.swift"; sourceTree = "<group>"; };
		9C9CD8C620349F9C0019CF2C /* User_UpdateUserDetails+RequestTests.swift */ = {isa = PBXFileReference; lastKnownFileType = sourcecode.swift; path = "User_UpdateUserDetails+RequestTests.swift"; sourceTree = "<group>"; };
		9C9CD8C82034A3870019CF2C /* UpdateUserDetailsFakeResponse.swift */ = {isa = PBXFileReference; lastKnownFileType = sourcecode.swift; path = UpdateUserDetailsFakeResponse.swift; sourceTree = "<group>"; };
		9C9CD8CB2034A3A80019CF2C /* UpdateUserDetailsFakeResponse+Mapping.swift */ = {isa = PBXFileReference; lastKnownFileType = sourcecode.swift; path = "UpdateUserDetailsFakeResponse+Mapping.swift"; sourceTree = "<group>"; };
		9CC1725920336213005B63D5 /* KWSiOSSDKObjC_Tests-Bridging-Header.h */ = {isa = PBXFileReference; lastKnownFileType = sourcecode.c.h; path = "KWSiOSSDKObjC_Tests-Bridging-Header.h"; sourceTree = "<group>"; };
		9CD6E5D9207BE3C50077F56C /* UpdateUserDetailsFakeResponse.swift */ = {isa = PBXFileReference; lastKnownFileType = sourcecode.swift; path = UpdateUserDetailsFakeResponse.swift; sourceTree = "<group>"; };
		9CD6E5DB207BE3D30077F56C /* UpdateUserDetailsFakeResponse+Mapping.swift */ = {isa = PBXFileReference; lastKnownFileType = sourcecode.swift; path = "UpdateUserDetailsFakeResponse+Mapping.swift"; sourceTree = "<group>"; };
		9CDBB3BD202C6F6A00D20FD4 /* RandomUsernameFakeResponse.swift */ = {isa = PBXFileReference; lastKnownFileType = sourcecode.swift; path = RandomUsernameFakeResponse.swift; sourceTree = "<group>"; };
		9CDBB3BF202C6FA200D20FD4 /* RandoUsernameFakeResponse+Mapping.swift */ = {isa = PBXFileReference; lastKnownFileType = sourcecode.swift; path = "RandoUsernameFakeResponse+Mapping.swift"; sourceTree = "<group>"; };
		9CF4569C207E84D200D3CC67 /* LeadersTests.swift */ = {isa = PBXFileReference; fileEncoding = 4; lastKnownFileType = sourcecode.swift; path = LeadersTests.swift; sourceTree = "<group>"; };
		9CF4569D207E84D200D3CC67 /* ScoreTests.swift */ = {isa = PBXFileReference; fileEncoding = 4; lastKnownFileType = sourcecode.swift; path = ScoreTests.swift; sourceTree = "<group>"; };
		9CF456A0207E855D00D3CC67 /* Leaders+RequestTests.swift */ = {isa = PBXFileReference; fileEncoding = 4; lastKnownFileType = sourcecode.swift; path = "Leaders+RequestTests.swift"; sourceTree = "<group>"; };
		9CF456A2207E857800D3CC67 /* GetUserScore+RequestTests.swift */ = {isa = PBXFileReference; fileEncoding = 4; lastKnownFileType = sourcecode.swift; path = "GetUserScore+RequestTests.swift"; sourceTree = "<group>"; };
		9CF456A5207E859800D3CC67 /* Scoring_GetLeaders+MappingTests.swift */ = {isa = PBXFileReference; fileEncoding = 4; lastKnownFileType = sourcecode.swift; path = "Scoring_GetLeaders+MappingTests.swift"; sourceTree = "<group>"; };
		9CF456A6207E859800D3CC67 /* Scoring_GetScore+ObjectProviderTests.swift */ = {isa = PBXFileReference; fileEncoding = 4; lastKnownFileType = sourcecode.swift; path = "Scoring_GetScore+ObjectProviderTests.swift"; sourceTree = "<group>"; };
		9CF456A7207E859800D3CC67 /* Scoring_GetLeaders+ObjectProviderTests.swift */ = {isa = PBXFileReference; fileEncoding = 4; lastKnownFileType = sourcecode.swift; path = "Scoring_GetLeaders+ObjectProviderTests.swift"; sourceTree = "<group>"; };
		9CF456A8207E859800D3CC67 /* Scoring_GetScore+MappingTests.swift */ = {isa = PBXFileReference; fileEncoding = 4; lastKnownFileType = sourcecode.swift; path = "Scoring_GetScore+MappingTests.swift"; sourceTree = "<group>"; };
		9CFD4A0C207C0034002CC7B6 /* InviteUser+RequestTests.swift */ = {isa = PBXFileReference; lastKnownFileType = sourcecode.swift; path = "InviteUser+RequestTests.swift"; sourceTree = "<group>"; };
		9CFD4A0E207C02FF002CC7B6 /* UserActions_InviteUser+MappingTests.swift */ = {isa = PBXFileReference; lastKnownFileType = sourcecode.swift; path = "UserActions_InviteUser+MappingTests.swift"; sourceTree = "<group>"; };
		9CFD4A10207C1271002CC7B6 /* UserActions_InviteUser+ObjectProvider.swift */ = {isa = PBXFileReference; lastKnownFileType = sourcecode.swift; path = "UserActions_InviteUser+ObjectProvider.swift"; sourceTree = "<group>"; };
		9CFD4A16207C1BD4002CC7B6 /* HasTriggeredEvent+RequestTests.swift */ = {isa = PBXFileReference; lastKnownFileType = sourcecode.swift; path = "HasTriggeredEvent+RequestTests.swift"; sourceTree = "<group>"; };
		9CFD4A18207C1BE4002CC7B6 /* TriggerEvent+RequestTests.swift */ = {isa = PBXFileReference; lastKnownFileType = sourcecode.swift; path = "TriggerEvent+RequestTests.swift"; sourceTree = "<group>"; };
		9CFD4A1D207C25CB002CC7B6 /* UserActions_TriggerEvent+MappingTests.swift */ = {isa = PBXFileReference; lastKnownFileType = sourcecode.swift; path = "UserActions_TriggerEvent+MappingTests.swift"; sourceTree = "<group>"; };
		9CFD4A1F207C25E3002CC7B6 /* UserActions_TriggerEvent+ObjectProvider.swift */ = {isa = PBXFileReference; lastKnownFileType = sourcecode.swift; path = "UserActions_TriggerEvent+ObjectProvider.swift"; sourceTree = "<group>"; };
		9CFD4A21207C25F4002CC7B6 /* UserActions_HasTriggeredEvent+MappingTests.swift */ = {isa = PBXFileReference; lastKnownFileType = sourcecode.swift; path = "UserActions_HasTriggeredEvent+MappingTests.swift"; sourceTree = "<group>"; };
		9CFD4A23207C2603002CC7B6 /* UserActions_HasTriggeredEvent+ObjectProvider.swift */ = {isa = PBXFileReference; lastKnownFileType = sourcecode.swift; path = "UserActions_HasTriggeredEvent+ObjectProvider.swift"; sourceTree = "<group>"; };
		AD982F81C05A586DC692E518 /* Pods-KWSiOSSDKObjC_Example.debug.xcconfig */ = {isa = PBXFileReference; includeInIndex = 1; lastKnownFileType = text.xcconfig; name = "Pods-KWSiOSSDKObjC_Example.debug.xcconfig"; path = "Pods/Target Support Files/Pods-KWSiOSSDKObjC_Example/Pods-KWSiOSSDKObjC_Example.debug.xcconfig"; sourceTree = "<group>"; };
		F4A957CB14B000B5D0F54508 /* Pods_KWSiOSSDKObjC_Tests.framework */ = {isa = PBXFileReference; explicitFileType = wrapper.framework; includeInIndex = 0; path = Pods_KWSiOSSDKObjC_Tests.framework; sourceTree = BUILT_PRODUCTS_DIR; };
		FD857536016DA4F86ACFB196 /* Pods-KWSiOSSDKObjC_Tests.release.xcconfig */ = {isa = PBXFileReference; includeInIndex = 1; lastKnownFileType = text.xcconfig; name = "Pods-KWSiOSSDKObjC_Tests.release.xcconfig"; path = "Pods/Target Support Files/Pods-KWSiOSSDKObjC_Tests/Pods-KWSiOSSDKObjC_Tests.release.xcconfig"; sourceTree = "<group>"; };
/* End PBXFileReference section */

/* Begin PBXFrameworksBuildPhase section */
		6003F587195388D20070C39A /* Frameworks */ = {
			isa = PBXFrameworksBuildPhase;
			buildActionMask = 2147483647;
			files = (
				6003F590195388D20070C39A /* CoreGraphics.framework in Frameworks */,
				6003F592195388D20070C39A /* UIKit.framework in Frameworks */,
				6003F58E195388D20070C39A /* Foundation.framework in Frameworks */,
				B3D6168FCDECF613E1EEB140 /* Pods_KWSiOSSDKObjC_Example.framework in Frameworks */,
			);
			runOnlyForDeploymentPostprocessing = 0;
		};
		6003F5AB195388D20070C39A /* Frameworks */ = {
			isa = PBXFrameworksBuildPhase;
			buildActionMask = 2147483647;
			files = (
				6003F5B0195388D20070C39A /* XCTest.framework in Frameworks */,
				6003F5B2195388D20070C39A /* UIKit.framework in Frameworks */,
				6003F5B1195388D20070C39A /* Foundation.framework in Frameworks */,
				A42D5B5943E86C60CCA171E8 /* Pods_KWSiOSSDKObjC_Tests.framework in Frameworks */,
			);
			runOnlyForDeploymentPostprocessing = 0;
		};
/* End PBXFrameworksBuildPhase section */

/* Begin PBXGroup section */
		6003F581195388D10070C39A = {
			isa = PBXGroup;
			children = (
				1B5363951DAD1B70006A1AD3 /* KWSiOSSDKObjC_Example.entitlements */,
				60FF7A9C1954A5C5007DD14C /* Podspec Metadata */,
				6003F593195388D20070C39A /* Example for KWSiOSSDKObjC */,
				6003F5B5195388D20070C39A /* Tests */,
				6003F58C195388D20070C39A /* Frameworks */,
				6003F58B195388D20070C39A /* Products */,
				9C6F9D6D207BD56A00F78119 /* Recovered References */,
				A3AC1017DFC0B31EA9929FCA /* Pods */,
			);
			sourceTree = "<group>";
		};
		6003F58B195388D20070C39A /* Products */ = {
			isa = PBXGroup;
			children = (
				6003F58A195388D20070C39A /* KWSiOSSDKObjC_Example.app */,
				6003F5AE195388D20070C39A /* KWSiOSSDKObjC_Tests.xctest */,
			);
			name = Products;
			sourceTree = "<group>";
		};
		6003F58C195388D20070C39A /* Frameworks */ = {
			isa = PBXGroup;
			children = (
				6003F58D195388D20070C39A /* Foundation.framework */,
				6003F58F195388D20070C39A /* CoreGraphics.framework */,
				6003F591195388D20070C39A /* UIKit.framework */,
				6003F5AF195388D20070C39A /* XCTest.framework */,
				9A4967F6F548204F77DEFF20 /* Pods_KWSiOSSDKObjC_Example.framework */,
				F4A957CB14B000B5D0F54508 /* Pods_KWSiOSSDKObjC_Tests.framework */,
			);
			name = Frameworks;
			sourceTree = "<group>";
		};
		6003F593195388D20070C39A /* Example for KWSiOSSDKObjC */ = {
			isa = PBXGroup;
			children = (
				1B92FD121D229B2500B75617 /* GoogleService-Info.plist */,
				6003F59C195388D20070C39A /* KWSAppDelegate.h */,
				6003F59D195388D20070C39A /* KWSAppDelegate.m */,
				873B8AEA1B1F5CCA007FD442 /* Main.storyboard */,
				6003F5A5195388D20070C39A /* KWSViewController.h */,
				6003F5A6195388D20070C39A /* KWSViewController.m */,
				6003F5A8195388D20070C39A /* Images.xcassets */,
				6003F594195388D20070C39A /* Supporting Files */,
				9C057148206CEC0C0082AC0F /* KWSiOSSDKObjC_Example-Bridging-Header.h */,
				9C05714F206D02A60082AC0F /* KWSSwiftTableViewController.swift */,
				9C6F9D65207BA13500F78119 /* KWSEnvironmentModels.swift */,
			);
			name = "Example for KWSiOSSDKObjC";
			path = KWSiOSSDKObjC;
			sourceTree = "<group>";
		};
		6003F594195388D20070C39A /* Supporting Files */ = {
			isa = PBXGroup;
			children = (
				6003F595195388D20070C39A /* KWSiOSSDKObjC-Info.plist */,
				6003F596195388D20070C39A /* InfoPlist.strings */,
				6003F599195388D20070C39A /* main.m */,
				6003F59B195388D20070C39A /* KWSiOSSDKObjC-Prefix.pch */,
			);
			name = "Supporting Files";
			sourceTree = "<group>";
		};
		6003F5B5195388D20070C39A /* Tests */ = {
			isa = PBXGroup;
			children = (
				9C5A79C420762326009E4B8C /* Models */,
				9C18313C2020ED8200DD4083 /* Services */,
				9C18313B2020ED7500DD4083 /* Requests */,
				9C18313520208D6400DD4083 /* fixtures.bundle */,
				6003F5BB195388D20070C39A /* Tests.m */,
				1B87E4A31CF89E400053FD8F /* KWSTokenTests.m */,
				1B87E4A51CF89E590053FD8F /* KWSCheckPermissionTests.m */,
				1B87E4A71CF89E690053FD8F /* KWSKWSRequestPermissionTests.m */,
				6003F5B6195388D20070C39A /* Supporting Files */,
				9C18313720209F3E00DD4083 /* TestUtils.swift */,
				9C18313E2020F04F00DD4083 /* Mocks.swift */,
				9CC1725920336213005B63D5 /* KWSiOSSDKObjC_Tests-Bridging-Header.h */,
			);
			path = Tests;
			sourceTree = "<group>";
		};
		6003F5B6195388D20070C39A /* Supporting Files */ = {
			isa = PBXGroup;
			children = (
				6003F5B7195388D20070C39A /* Tests-Info.plist */,
				6003F5B8195388D20070C39A /* InfoPlist.strings */,
				606FC2411953D9B200FFA9A0 /* Tests-Prefix.pch */,
			);
			name = "Supporting Files";
			sourceTree = "<group>";
		};
		60FF7A9C1954A5C5007DD14C /* Podspec Metadata */ = {
			isa = PBXGroup;
			children = (
				1B467E661CF45A0000362A1A /* README.rst */,
				7C100CCFD18D61668F985BB7 /* KWSiOSSDKObjC.podspec */,
				888816DE2D88B99539CA41FB /* LICENSE */,
			);
			name = "Podspec Metadata";
			sourceTree = "<group>";
		};
		9C18313B2020ED7500DD4083 /* Requests */ = {
			isa = PBXGroup;
			children = (
				9CF456A0207E855D00D3CC67 /* Leaders+RequestTests.swift */,
				9CF456A2207E857800D3CC67 /* GetUserScore+RequestTests.swift */,
				9C18312E202085FC00DD4083 /* Login+RequestTests.swift */,
				9C80FD3820285F46003BD328 /* CreateUser+RequestTests.swift */,
				9C59C7C7202B1D9B00BE4E74 /* TempAccessToken+RequestTests.swift */,
				9C59C7C9202B1DF900BE4E74 /* AppConfig+RequestTests.swift */,
				9C59C7CB202B1ED000BE4E74 /* RandomUsername+RequestTests.swift */,
				9C7F2FFA202DE2F0002795DD /* User_GetUserDetails+RequestTests.swift */,
				9C9CD8C620349F9C0019CF2C /* User_UpdateUserDetails+RequestTests.swift */,
				9C104F1E203B43A5003FAEF7 /* Permissions+RequestTests.swift */,
				9C6F9D6B207BD16E00F78119 /* GetAppData+RequestTests.swift */,
				9C6F9D70207BD6CC00F78119 /* SetAppData+RequestTests.swift */,
				9CFD4A0C207C0034002CC7B6 /* InviteUser+RequestTests.swift */,
				9CFD4A16207C1BD4002CC7B6 /* HasTriggeredEvent+RequestTests.swift */,
				9CFD4A18207C1BE4002CC7B6 /* TriggerEvent+RequestTests.swift */,
			);
			name = Requests;
			sourceTree = "<group>";
		};
		9C18313C2020ED8200DD4083 /* Services */ = {
			isa = PBXGroup;
			children = (
				9CF456A4207E857D00D3CC67 /* Scoring */,
				9C68ED8A207A879A00444D2B /* Sessions */,
				9C2D50972074CF240009F699 /* AuthServices */,
				9C2D50952074CEC70009F699 /* UserActionsServices */,
				9C2D50982074CF2D0009F699 /* UsernamesServices */,
				9C2D50962074CED40009F699 /* UserServices */,
			);
			name = Services;
			sourceTree = "<group>";
		};
		9C18313D2020EDA300DD4083 /* Login */ = {
			isa = PBXGroup;
			children = (
				9C1831322020862800DD4083 /* Login+MappingTests.swift */,
				9C1831302020861900DD4083 /* Login+ObjectProviderTests.swift */,
			);
			name = Login;
			sourceTree = "<group>";
		};
		9C2D50952074CEC70009F699 /* UserActionsServices */ = {
			isa = PBXGroup;
			children = (
				9C6F9D76207BD73600F78119 /* FakeMockModels */,
				9C6F9D68207BD13F00F78119 /* User_Actions_GetAppData+MappingTests.swift */,
				9C6F9D67207BD13F00F78119 /* User_Actions_GetAppData+ObjectProviderTests.swift */,
				9C104F20203B4587003FAEF7 /* UserActions_RequestPermissions+MappingTests.swift */,
				9C104F22203B4972003FAEF7 /* UserActions_RequestPermissions+ObjectProviderTests.swift */,
				9C6F9D77207BD74600F78119 /* UserActions_SetAppData+MappingTests.swift */,
				9C6F9D78207BD74600F78119 /* UserActions_SetAppData+ObjectProviderTests.swift */,
				9CFD4A0E207C02FF002CC7B6 /* UserActions_InviteUser+MappingTests.swift */,
				9CFD4A10207C1271002CC7B6 /* UserActions_InviteUser+ObjectProvider.swift */,
				9CFD4A1D207C25CB002CC7B6 /* UserActions_TriggerEvent+MappingTests.swift */,
				9CFD4A1F207C25E3002CC7B6 /* UserActions_TriggerEvent+ObjectProvider.swift */,
				9CFD4A21207C25F4002CC7B6 /* UserActions_HasTriggeredEvent+MappingTests.swift */,
				9CFD4A23207C2603002CC7B6 /* UserActions_HasTriggeredEvent+ObjectProvider.swift */,
			);
			name = UserActionsServices;
			sourceTree = "<group>";
		};
		9C2D50962074CED40009F699 /* UserServices */ = {
			isa = PBXGroup;
			children = (
				9CD6E5D8207BE3B70077F56C /* FakeMockModels */,
				9C7F2FFF202DEB92002795DD /* User_GetUser_+MappingTests.swift */,
				9C7F3001202DF71C002795DD /* User_GetUser+ObjectProviderTests.swift */,
				9C9CD8C120345C170019CF2C /* User_UpdateUser_UserDetails+MappingTests.swift */,
				9C9CD8BF20345C060019CF2C /* User_UpdateUser_UserDetails+ObjectProviderTests.swift */,
				9C3C5BCA203AE1F10095FC1C /* User_UpdateUser_ParentEmail+MappingTests.swift */,
				9C3C5BCC203AE22F0095FC1C /* User_UpdateUser_ParentEmail+ObjectProviderTests.swift */,
			);
			name = UserServices;
			sourceTree = "<group>";
		};
		9C2D50972074CF240009F699 /* AuthServices */ = {
			isa = PBXGroup;
			children = (
				9C80FD3320285DD5003BD328 /* CreateUser */,
				9C18313D2020EDA300DD4083 /* Login */,
			);
			name = AuthServices;
			sourceTree = "<group>";
		};
		9C2D50982074CF2D0009F699 /* UsernamesServices */ = {
			isa = PBXGroup;
			children = (
				9C59C7B8202B18A100BE4E74 /* RandomUsername */,
			);
			name = UsernamesServices;
			sourceTree = "<group>";
		};
		9C59C7B8202B18A100BE4E74 /* RandomUsername */ = {
			isa = PBXGroup;
			children = (
				9CDBB3BC202C6F4D00D20FD4 /* FakeMockModels */,
				9C59C7BF202B198C00BE4E74 /* RandomUsername_AppConfig+MappingTests.swift */,
				9C59C7C3202B19B800BE4E74 /* RandomUsername_DoRandomUsernameFetch+MappingTests.swift */,
				9C68ED85207A792400444D2B /* RandomUsername_GetRandomUsername+ObjectProviderTests.swift */,
			);
			name = RandomUsername;
			sourceTree = "<group>";
		};
		9C5A79C420762326009E4B8C /* Models */ = {
			isa = PBXGroup;
			children = (
				9CF4569C207E84D200D3CC67 /* LeadersTests.swift */,
				9CF4569D207E84D200D3CC67 /* ScoreTests.swift */,
				9C5A79D1207634F3009E4B8C /* AppConfigTests.swift */,
				9C5A79D320763500009E4B8C /* AuthUserResponseTests.swift */,
				9C5A79D520763888009E4B8C /* LoginAuthResponseTests.swift */,
				9C5A79CD20762C44009E4B8C /* LoggedUserTests.swift */,
				9C59C7B9202B18B700BE4E74 /* RandomUsernameTests.swift */,
				9C7F2FFD202DE980002795DD /* UserDetailsTests.swift */,
				9C5A79C5207623CF009E4B8C /* UserAddress.swift */,
				9C5A79C7207626BC009E4B8C /* ApplicationProfileTest.swift */,
				9C5A79C9207629D1009E4B8C /* ApplicationPermissionsTests.swift */,
				9C5A79CB20762B57009E4B8C /* PointsTests.swift */,
				9C5A79CF207634EA009E4B8C /* TokenDataTests.swift */,
			);
			name = Models;
			sourceTree = "<group>";
		};
		9C68ED8A207A879A00444D2B /* Sessions */ = {
			isa = PBXGroup;
			children = (
				9C68ED8B207A87BE00444D2B /* Session+ObjectProviderTests.swift */,
			);
			name = Sessions;
			sourceTree = "<group>";
		};
		9C6F9D6D207BD56A00F78119 /* Recovered References */ = {
			isa = PBXGroup;
			children = (
				9C9CD8CB2034A3A80019CF2C /* UpdateUserDetailsFakeResponse+Mapping.swift */,
				9C9CD8C82034A3870019CF2C /* UpdateUserDetailsFakeResponse.swift */,
			);
			name = "Recovered References";
			sourceTree = "<group>";
		};
		9C6F9D76207BD73600F78119 /* FakeMockModels */ = {
			isa = PBXGroup;
			children = (
				9C6F9D73207BD73100F78119 /* SetAppDataFakeResponse.swift */,
				9C6F9D72207BD73100F78119 /* SetAppDataFakeResponse+Mapping.swift */,
			);
			name = FakeMockModels;
			sourceTree = "<group>";
		};
		9C80FD3320285DD5003BD328 /* CreateUser */ = {
			isa = PBXGroup;
			children = (
				9C80FD3620285E57003BD328 /* CreateUser_DoUserCreation+MappingTests.swift */,
				9C59C7BB202B190700BE4E74 /* CreateUser_TempAccessToken+MappingTests.swift */,
				9C12C4CC20769CE3008364CB /* CreateUser_CreateUser+ObjectProviderTests.swift */,
			);
			name = CreateUser;
			sourceTree = "<group>";
		};
		9CD6E5D8207BE3B70077F56C /* FakeMockModels */ = {
			isa = PBXGroup;
			children = (
				9CD6E5D9207BE3C50077F56C /* UpdateUserDetailsFakeResponse.swift */,
				9CD6E5DB207BE3D30077F56C /* UpdateUserDetailsFakeResponse+Mapping.swift */,
			);
			name = FakeMockModels;
			sourceTree = "<group>";
		};
		9CDBB3BC202C6F4D00D20FD4 /* FakeMockModels */ = {
			isa = PBXGroup;
			children = (
				9CDBB3BD202C6F6A00D20FD4 /* RandomUsernameFakeResponse.swift */,
				9CDBB3BF202C6FA200D20FD4 /* RandoUsernameFakeResponse+Mapping.swift */,
			);
			name = FakeMockModels;
			sourceTree = "<group>";
		};
		9CF456A4207E857D00D3CC67 /* Scoring */ = {
			isa = PBXGroup;
			children = (
				9CF456A5207E859800D3CC67 /* Scoring_GetLeaders+MappingTests.swift */,
				9CF456A7207E859800D3CC67 /* Scoring_GetLeaders+ObjectProviderTests.swift */,
				9CF456A8207E859800D3CC67 /* Scoring_GetScore+MappingTests.swift */,
				9CF456A6207E859800D3CC67 /* Scoring_GetScore+ObjectProviderTests.swift */,
			);
			name = Scoring;
			sourceTree = "<group>";
		};
		A3AC1017DFC0B31EA9929FCA /* Pods */ = {
			isa = PBXGroup;
			children = (
				AD982F81C05A586DC692E518 /* Pods-KWSiOSSDKObjC_Example.debug.xcconfig */,
				3104F21C8D347646BD310E40 /* Pods-KWSiOSSDKObjC_Example.release.xcconfig */,
				7AC62AF8E5058CC49024DDCE /* Pods-KWSiOSSDKObjC_Tests.debug.xcconfig */,
				FD857536016DA4F86ACFB196 /* Pods-KWSiOSSDKObjC_Tests.release.xcconfig */,
			);
			name = Pods;
			sourceTree = "<group>";
		};
/* End PBXGroup section */

/* Begin PBXNativeTarget section */
		6003F589195388D20070C39A /* KWSiOSSDKObjC_Example */ = {
			isa = PBXNativeTarget;
			buildConfigurationList = 6003F5BF195388D20070C39A /* Build configuration list for PBXNativeTarget "KWSiOSSDKObjC_Example" */;
			buildPhases = (
				8950F3A42612E6DAA958FF5F /* [CP] Check Pods Manifest.lock */,
				6003F586195388D20070C39A /* Sources */,
				6003F587195388D20070C39A /* Frameworks */,
				6003F588195388D20070C39A /* Resources */,
				FFC0A66C7C8E23697C88080A /* [CP] Embed Pods Frameworks */,
			);
			buildRules = (
			);
			dependencies = (
			);
			name = KWSiOSSDKObjC_Example;
			productName = KWSiOSSDKObjC;
			productReference = 6003F58A195388D20070C39A /* KWSiOSSDKObjC_Example.app */;
			productType = "com.apple.product-type.application";
		};
		6003F5AD195388D20070C39A /* KWSiOSSDKObjC_Tests */ = {
			isa = PBXNativeTarget;
			buildConfigurationList = 6003F5C2195388D20070C39A /* Build configuration list for PBXNativeTarget "KWSiOSSDKObjC_Tests" */;
			buildPhases = (
				2FE4F65F476E8E11D70E94C3 /* [CP] Check Pods Manifest.lock */,
				6003F5AA195388D20070C39A /* Sources */,
				6003F5AB195388D20070C39A /* Frameworks */,
				6003F5AC195388D20070C39A /* Resources */,
				C0C55E1EDB85A630E374A7B4 /* [CP] Embed Pods Frameworks */,
			);
			buildRules = (
			);
			dependencies = (
				6003F5B4195388D20070C39A /* PBXTargetDependency */,
			);
			name = KWSiOSSDKObjC_Tests;
			productName = KWSiOSSDKObjCTests;
			productReference = 6003F5AE195388D20070C39A /* KWSiOSSDKObjC_Tests.xctest */;
			productType = "com.apple.product-type.bundle.unit-test";
		};
/* End PBXNativeTarget section */

/* Begin PBXProject section */
		6003F582195388D10070C39A /* Project object */ = {
			isa = PBXProject;
			attributes = {
				CLASSPREFIX = KWS;
				LastUpgradeCheck = 0930;
				ORGANIZATIONNAME = "Gabriel Coman";
				TargetAttributes = {
					6003F589195388D20070C39A = {
						DevelopmentTeam = K79XEZP48K;
						LastSwiftMigration = 0920;
						ProvisioningStyle = Automatic;
						SystemCapabilities = {
							com.apple.BackgroundModes = {
								enabled = 1;
							};
							com.apple.Push = {
								enabled = 1;
							};
						};
					};
					6003F5AD195388D20070C39A = {
						LastSwiftMigration = 0920;
						TestTargetID = 6003F589195388D20070C39A;
					};
				};
			};
			buildConfigurationList = 6003F585195388D10070C39A /* Build configuration list for PBXProject "KWSiOSSDKObjC" */;
			compatibilityVersion = "Xcode 3.2";
			developmentRegion = English;
			hasScannedForEncodings = 0;
			knownRegions = (
				en,
				Base,
			);
			mainGroup = 6003F581195388D10070C39A;
			productRefGroup = 6003F58B195388D20070C39A /* Products */;
			projectDirPath = "";
			projectRoot = "";
			targets = (
				6003F589195388D20070C39A /* KWSiOSSDKObjC_Example */,
				6003F5AD195388D20070C39A /* KWSiOSSDKObjC_Tests */,
			);
		};
/* End PBXProject section */

/* Begin PBXResourcesBuildPhase section */
		6003F588195388D20070C39A /* Resources */ = {
			isa = PBXResourcesBuildPhase;
			buildActionMask = 2147483647;
			files = (
				873B8AEB1B1F5CCA007FD442 /* Main.storyboard in Resources */,
				6003F5A9195388D20070C39A /* Images.xcassets in Resources */,
				1B92FD131D229B2500B75617 /* GoogleService-Info.plist in Resources */,
				6003F598195388D20070C39A /* InfoPlist.strings in Resources */,
				1B467E671CF45A0000362A1A /* README.rst in Resources */,
			);
			runOnlyForDeploymentPostprocessing = 0;
		};
		6003F5AC195388D20070C39A /* Resources */ = {
			isa = PBXResourcesBuildPhase;
			buildActionMask = 2147483647;
			files = (
				6003F5BA195388D20070C39A /* InfoPlist.strings in Resources */,
				9C18313620208D6400DD4083 /* fixtures.bundle in Resources */,
			);
			runOnlyForDeploymentPostprocessing = 0;
		};
/* End PBXResourcesBuildPhase section */

/* Begin PBXShellScriptBuildPhase section */
		2FE4F65F476E8E11D70E94C3 /* [CP] Check Pods Manifest.lock */ = {
			isa = PBXShellScriptBuildPhase;
			buildActionMask = 2147483647;
			files = (
			);
			inputPaths = (
				"${PODS_PODFILE_DIR_PATH}/Podfile.lock",
				"${PODS_ROOT}/Manifest.lock",
			);
			name = "[CP] Check Pods Manifest.lock";
			outputPaths = (
				"$(DERIVED_FILE_DIR)/Pods-KWSiOSSDKObjC_Tests-checkManifestLockResult.txt",
			);
			runOnlyForDeploymentPostprocessing = 0;
			shellPath = /bin/sh;
			shellScript = "diff \"${PODS_PODFILE_DIR_PATH}/Podfile.lock\" \"${PODS_ROOT}/Manifest.lock\" > /dev/null\nif [ $? != 0 ] ; then\n    # print error to STDERR\n    echo \"error: The sandbox is not in sync with the Podfile.lock. Run 'pod install' or update your CocoaPods installation.\" >&2\n    exit 1\nfi\n# This output is used by Xcode 'outputs' to avoid re-running this script phase.\necho \"SUCCESS\" > \"${SCRIPT_OUTPUT_FILE_0}\"\n";
			showEnvVarsInLog = 0;
		};
		8950F3A42612E6DAA958FF5F /* [CP] Check Pods Manifest.lock */ = {
			isa = PBXShellScriptBuildPhase;
			buildActionMask = 2147483647;
			files = (
			);
			inputPaths = (
				"${PODS_PODFILE_DIR_PATH}/Podfile.lock",
				"${PODS_ROOT}/Manifest.lock",
			);
			name = "[CP] Check Pods Manifest.lock";
			outputPaths = (
				"$(DERIVED_FILE_DIR)/Pods-KWSiOSSDKObjC_Example-checkManifestLockResult.txt",
			);
			runOnlyForDeploymentPostprocessing = 0;
			shellPath = /bin/sh;
			shellScript = "diff \"${PODS_PODFILE_DIR_PATH}/Podfile.lock\" \"${PODS_ROOT}/Manifest.lock\" > /dev/null\nif [ $? != 0 ] ; then\n    # print error to STDERR\n    echo \"error: The sandbox is not in sync with the Podfile.lock. Run 'pod install' or update your CocoaPods installation.\" >&2\n    exit 1\nfi\n# This output is used by Xcode 'outputs' to avoid re-running this script phase.\necho \"SUCCESS\" > \"${SCRIPT_OUTPUT_FILE_0}\"\n";
			showEnvVarsInLog = 0;
		};
		C0C55E1EDB85A630E374A7B4 /* [CP] Embed Pods Frameworks */ = {
			isa = PBXShellScriptBuildPhase;
			buildActionMask = 2147483647;
			files = (
			);
			inputPaths = (
				"${SRCROOT}/Pods/Target Support Files/Pods-KWSiOSSDKObjC_Tests/Pods-KWSiOSSDKObjC_Tests-frameworks.sh",
				"${BUILT_PRODUCTS_DIR}/Mockingjay/Mockingjay.framework",
				"${BUILT_PRODUCTS_DIR}/Nimble/Nimble.framework",
				"${BUILT_PRODUCTS_DIR}/URITemplate/URITemplate.framework",
			);
			name = "[CP] Embed Pods Frameworks";
			outputPaths = (
				"${TARGET_BUILD_DIR}/${FRAMEWORKS_FOLDER_PATH}/Mockingjay.framework",
				"${TARGET_BUILD_DIR}/${FRAMEWORKS_FOLDER_PATH}/Nimble.framework",
				"${TARGET_BUILD_DIR}/${FRAMEWORKS_FOLDER_PATH}/URITemplate.framework",
			);
			runOnlyForDeploymentPostprocessing = 0;
			shellPath = /bin/sh;
			shellScript = "\"${SRCROOT}/Pods/Target Support Files/Pods-KWSiOSSDKObjC_Tests/Pods-KWSiOSSDKObjC_Tests-frameworks.sh\"\n";
			showEnvVarsInLog = 0;
		};
		FFC0A66C7C8E23697C88080A /* [CP] Embed Pods Frameworks */ = {
			isa = PBXShellScriptBuildPhase;
			buildActionMask = 2147483647;
			files = (
			);
			inputPaths = (
				"${SRCROOT}/Pods/Target Support Files/Pods-KWSiOSSDKObjC_Example/Pods-KWSiOSSDKObjC_Example-frameworks.sh",
				"${BUILT_PRODUCTS_DIR}/Decodable/Decodable.framework",
				"${BUILT_PRODUCTS_DIR}/KWSiOSSDKObjC/KWSiOSSDKObjC.framework",
				"${BUILT_PRODUCTS_DIR}/SAJsonParser/SAJsonParser.framework",
				"${BUILT_PRODUCTS_DIR}/SAMobileBase/SAMobileBase.framework",
				"${BUILT_PRODUCTS_DIR}/SANetworking/SANetworking.framework",
				"${BUILT_PRODUCTS_DIR}/SAProtobufs/SAProtobufs.framework",
				"${BUILT_PRODUCTS_DIR}/SAUtils/SAUtils.framework",
			);
			name = "[CP] Embed Pods Frameworks";
			outputPaths = (
				"${TARGET_BUILD_DIR}/${FRAMEWORKS_FOLDER_PATH}/Decodable.framework",
				"${TARGET_BUILD_DIR}/${FRAMEWORKS_FOLDER_PATH}/KWSiOSSDKObjC.framework",
				"${TARGET_BUILD_DIR}/${FRAMEWORKS_FOLDER_PATH}/SAJsonParser.framework",
				"${TARGET_BUILD_DIR}/${FRAMEWORKS_FOLDER_PATH}/SAMobileBase.framework",
				"${TARGET_BUILD_DIR}/${FRAMEWORKS_FOLDER_PATH}/SANetworking.framework",
				"${TARGET_BUILD_DIR}/${FRAMEWORKS_FOLDER_PATH}/SAProtobufs.framework",
				"${TARGET_BUILD_DIR}/${FRAMEWORKS_FOLDER_PATH}/SAUtils.framework",
			);
			runOnlyForDeploymentPostprocessing = 0;
			shellPath = /bin/sh;
			shellScript = "\"${SRCROOT}/Pods/Target Support Files/Pods-KWSiOSSDKObjC_Example/Pods-KWSiOSSDKObjC_Example-frameworks.sh\"\n";
			showEnvVarsInLog = 0;
		};
/* End PBXShellScriptBuildPhase section */

/* Begin PBXSourcesBuildPhase section */
		6003F586195388D20070C39A /* Sources */ = {
			isa = PBXSourcesBuildPhase;
			buildActionMask = 2147483647;
			files = (
				6003F59E195388D20070C39A /* KWSAppDelegate.m in Sources */,
				9CD6E5DD207BE6A10077F56C /* KWSEnvironmentModels.swift in Sources */,
				6003F5A7195388D20070C39A /* KWSViewController.m in Sources */,
				6003F59A195388D20070C39A /* main.m in Sources */,
				9C057150206D02A60082AC0F /* KWSSwiftTableViewController.swift in Sources */,
			);
			runOnlyForDeploymentPostprocessing = 0;
		};
		6003F5AA195388D20070C39A /* Sources */ = {
			isa = PBXSourcesBuildPhase;
			buildActionMask = 2147483647;
			files = (
				9CF4569E207E84D300D3CC67 /* LeadersTests.swift in Sources */,
				9C7F3000202DEB92002795DD /* User_GetUser_+MappingTests.swift in Sources */,
				9CFD4A1E207C25CB002CC7B6 /* UserActions_TriggerEvent+MappingTests.swift in Sources */,
				9C9CD8C720349F9C0019CF2C /* User_UpdateUserDetails+RequestTests.swift in Sources */,
				9C104F21203B4587003FAEF7 /* UserActions_RequestPermissions+MappingTests.swift in Sources */,
				9C7F2FFB202DE2F0002795DD /* User_GetUserDetails+RequestTests.swift in Sources */,
				9CF456A1207E855D00D3CC67 /* Leaders+RequestTests.swift in Sources */,
				9C7F2FFE202DE980002795DD /* UserDetailsTests.swift in Sources */,
				9C18313F2020F04F00DD4083 /* Mocks.swift in Sources */,
				9C3C5BCB203AE1F10095FC1C /* User_UpdateUser_ParentEmail+MappingTests.swift in Sources */,
				9CF4569F207E84D300D3CC67 /* ScoreTests.swift in Sources */,
				9C6F9D74207BD73100F78119 /* SetAppDataFakeResponse+Mapping.swift in Sources */,
				9C6F9D62207B7E5200F78119 /* (null) in Sources */,
				9C6F9D79207BD74700F78119 /* UserActions_SetAppData+MappingTests.swift in Sources */,
				9C5A79CE20762C44009E4B8C /* LoggedUserTests.swift in Sources */,
				9CF456AB207E859800D3CC67 /* Scoring_GetLeaders+ObjectProviderTests.swift in Sources */,
				9CD6E5DA207BE3C50077F56C /* UpdateUserDetailsFakeResponse.swift in Sources */,
				9C6F9D60207B7DCC00F78119 /* (null) in Sources */,
				9C59C7BA202B18B700BE4E74 /* RandomUsernameTests.swift in Sources */,
				9CF456A9207E859800D3CC67 /* Scoring_GetLeaders+MappingTests.swift in Sources */,
				9C7F3002202DF71C002795DD /* User_GetUser+ObjectProviderTests.swift in Sources */,
				9CF456A3207E857800D3CC67 /* GetUserScore+RequestTests.swift in Sources */,
				9C59C7C4202B19B800BE4E74 /* RandomUsername_DoRandomUsernameFetch+MappingTests.swift in Sources */,
				9CFD4A24207C2603002CC7B6 /* UserActions_HasTriggeredEvent+ObjectProvider.swift in Sources */,
				9CFD4A20207C25E3002CC7B6 /* UserActions_TriggerEvent+ObjectProvider.swift in Sources */,
				9CF456AA207E859800D3CC67 /* Scoring_GetScore+ObjectProviderTests.swift in Sources */,
				9CDBB3C0202C6FA200D20FD4 /* RandoUsernameFakeResponse+Mapping.swift in Sources */,
				9C68ED8F207A87D900444D2B /* Session+ObjectProviderTests.swift in Sources */,
				9C80FD3720285E57003BD328 /* CreateUser_DoUserCreation+MappingTests.swift in Sources */,
				9C5A79CC20762B57009E4B8C /* PointsTests.swift in Sources */,
				9C3C5BCD203AE22F0095FC1C /* User_UpdateUser_ParentEmail+ObjectProviderTests.swift in Sources */,
				9CD6E5DC207BE3D30077F56C /* UpdateUserDetailsFakeResponse+Mapping.swift in Sources */,
				9C68ED87207A7A4300444D2B /* RandomUsername_GetRandomUsername+ObjectProviderTests.swift in Sources */,
				9C59C7C0202B198C00BE4E74 /* RandomUsername_AppConfig+MappingTests.swift in Sources */,
				9CDBB3BE202C6F6A00D20FD4 /* RandomUsernameFakeResponse.swift in Sources */,
				1B87E4A81CF89E690053FD8F /* KWSKWSRequestPermissionTests.m in Sources */,
				9C5A79D2207634F3009E4B8C /* AppConfigTests.swift in Sources */,
				9C6F9D75207BD73100F78119 /* SetAppDataFakeResponse.swift in Sources */,
				6003F5BC195388D20070C39A /* Tests.m in Sources */,
				9C6F9D71207BD6CC00F78119 /* SetAppData+RequestTests.swift in Sources */,
				9C59C7C8202B1D9B00BE4E74 /* TempAccessToken+RequestTests.swift in Sources */,
				9C6F9D7A207BD74700F78119 /* UserActions_SetAppData+ObjectProviderTests.swift in Sources */,
				9C1831332020862800DD4083 /* Login+MappingTests.swift in Sources */,
				9C18313820209F3E00DD4083 /* TestUtils.swift in Sources */,
				9C6F9D64207B7E5E00F78119 /* (null) in Sources */,
				9CFD4A22207C25F4002CC7B6 /* UserActions_HasTriggeredEvent+MappingTests.swift in Sources */,
				9C5A79D420763500009E4B8C /* AuthUserResponseTests.swift in Sources */,
				1B87E4A61CF89E590053FD8F /* KWSCheckPermissionTests.m in Sources */,
				9CF456AC207E859800D3CC67 /* Scoring_GetScore+MappingTests.swift in Sources */,
				9C18312F202085FC00DD4083 /* Login+RequestTests.swift in Sources */,
				9C5A79CA207629D1009E4B8C /* ApplicationPermissionsTests.swift in Sources */,
				9C5A79C6207623CF009E4B8C /* UserAddress.swift in Sources */,
				9CFD4A0D207C0034002CC7B6 /* InviteUser+RequestTests.swift in Sources */,
				9C9CD8C020345C060019CF2C /* User_UpdateUser_UserDetails+ObjectProviderTests.swift in Sources */,
				9C1831312020861900DD4083 /* Login+ObjectProviderTests.swift in Sources */,
				9CFD4A19207C1BE4002CC7B6 /* TriggerEvent+RequestTests.swift in Sources */,
				9CFD4A0F207C02FF002CC7B6 /* UserActions_InviteUser+MappingTests.swift in Sources */,
				9C5A79C8207626BC009E4B8C /* ApplicationProfileTest.swift in Sources */,
				1B87E4A41CF89E400053FD8F /* KWSTokenTests.m in Sources */,
				9C59C7BC202B190700BE4E74 /* CreateUser_TempAccessToken+MappingTests.swift in Sources */,
				9C104F23203B4972003FAEF7 /* UserActions_RequestPermissions+ObjectProviderTests.swift in Sources */,
				9C12C4CD20769CE3008364CB /* CreateUser_CreateUser+ObjectProviderTests.swift in Sources */,
				9CFD4A17207C1BD4002CC7B6 /* HasTriggeredEvent+RequestTests.swift in Sources */,
				9C104F1F203B43A5003FAEF7 /* Permissions+RequestTests.swift in Sources */,
				9C59C7CC202B1ED000BE4E74 /* RandomUsername+RequestTests.swift in Sources */,
				9C9CD8C220345C170019CF2C /* User_UpdateUser_UserDetails+MappingTests.swift in Sources */,
				9C80FD3920285F46003BD328 /* CreateUser+RequestTests.swift in Sources */,
				9C5A79D0207634EA009E4B8C /* TokenDataTests.swift in Sources */,
				9C5A79D620763888009E4B8C /* LoginAuthResponseTests.swift in Sources */,
				9CFD4A11207C1271002CC7B6 /* UserActions_InviteUser+ObjectProvider.swift in Sources */,
				9C59C7CA202B1DF900BE4E74 /* AppConfig+RequestTests.swift in Sources */,
			);
			runOnlyForDeploymentPostprocessing = 0;
		};
/* End PBXSourcesBuildPhase section */

/* Begin PBXTargetDependency section */
		6003F5B4195388D20070C39A /* PBXTargetDependency */ = {
			isa = PBXTargetDependency;
			target = 6003F589195388D20070C39A /* KWSiOSSDKObjC_Example */;
			targetProxy = 6003F5B3195388D20070C39A /* PBXContainerItemProxy */;
		};
/* End PBXTargetDependency section */

/* Begin PBXVariantGroup section */
		6003F596195388D20070C39A /* InfoPlist.strings */ = {
			isa = PBXVariantGroup;
			children = (
				6003F597195388D20070C39A /* en */,
			);
			name = InfoPlist.strings;
			sourceTree = "<group>";
		};
		6003F5B8195388D20070C39A /* InfoPlist.strings */ = {
			isa = PBXVariantGroup;
			children = (
				6003F5B9195388D20070C39A /* en */,
			);
			name = InfoPlist.strings;
			sourceTree = "<group>";
		};
/* End PBXVariantGroup section */

/* Begin XCBuildConfiguration section */
		6003F5BD195388D20070C39A /* Debug */ = {
			isa = XCBuildConfiguration;
			buildSettings = {
				ALWAYS_SEARCH_USER_PATHS = NO;
				CLANG_CXX_LANGUAGE_STANDARD = "gnu++0x";
				CLANG_CXX_LIBRARY = "libc++";
				CLANG_ENABLE_MODULES = YES;
				CLANG_ENABLE_OBJC_ARC = YES;
				CLANG_WARN_BLOCK_CAPTURE_AUTORELEASING = YES;
				CLANG_WARN_BOOL_CONVERSION = YES;
				CLANG_WARN_COMMA = YES;
				CLANG_WARN_CONSTANT_CONVERSION = YES;
				CLANG_WARN_DEPRECATED_OBJC_IMPLEMENTATIONS = YES;
				CLANG_WARN_DIRECT_OBJC_ISA_USAGE = YES_ERROR;
				CLANG_WARN_EMPTY_BODY = YES;
				CLANG_WARN_ENUM_CONVERSION = YES;
				CLANG_WARN_INFINITE_RECURSION = YES;
				CLANG_WARN_INT_CONVERSION = YES;
				CLANG_WARN_NON_LITERAL_NULL_CONVERSION = YES;
				CLANG_WARN_OBJC_IMPLICIT_RETAIN_SELF = YES;
				CLANG_WARN_OBJC_LITERAL_CONVERSION = YES;
				CLANG_WARN_OBJC_ROOT_CLASS = YES_ERROR;
				CLANG_WARN_RANGE_LOOP_ANALYSIS = YES;
				CLANG_WARN_STRICT_PROTOTYPES = YES;
				CLANG_WARN_SUSPICIOUS_MOVE = YES;
				CLANG_WARN_UNREACHABLE_CODE = YES;
				CLANG_WARN__DUPLICATE_METHOD_MATCH = YES;
				"CODE_SIGN_IDENTITY[sdk=iphoneos*]" = "iPhone Developer";
				COPY_PHASE_STRIP = NO;
				DEFINES_MODULE = YES;
				ENABLE_STRICT_OBJC_MSGSEND = YES;
				ENABLE_TESTABILITY = YES;
				GCC_C_LANGUAGE_STANDARD = gnu99;
				GCC_DYNAMIC_NO_PIC = NO;
				GCC_NO_COMMON_BLOCKS = YES;
				GCC_OPTIMIZATION_LEVEL = 0;
				GCC_PREPROCESSOR_DEFINITIONS = (
					"DEBUG=1",
					"$(inherited)",
				);
				GCC_SYMBOLS_PRIVATE_EXTERN = NO;
				GCC_WARN_64_TO_32_BIT_CONVERSION = YES;
				GCC_WARN_ABOUT_RETURN_TYPE = YES_ERROR;
				GCC_WARN_UNDECLARED_SELECTOR = YES;
				GCC_WARN_UNINITIALIZED_AUTOS = YES_AGGRESSIVE;
				GCC_WARN_UNUSED_FUNCTION = YES;
				GCC_WARN_UNUSED_VARIABLE = YES;
				IPHONEOS_DEPLOYMENT_TARGET = 9.0;
				ONLY_ACTIVE_ARCH = YES;
				SDKROOT = iphoneos;
				TARGETED_DEVICE_FAMILY = "1,2";
			};
			name = Debug;
		};
		6003F5BE195388D20070C39A /* Release */ = {
			isa = XCBuildConfiguration;
			buildSettings = {
				ALWAYS_SEARCH_USER_PATHS = NO;
				CLANG_CXX_LANGUAGE_STANDARD = "gnu++0x";
				CLANG_CXX_LIBRARY = "libc++";
				CLANG_ENABLE_MODULES = YES;
				CLANG_ENABLE_OBJC_ARC = YES;
				CLANG_WARN_BLOCK_CAPTURE_AUTORELEASING = YES;
				CLANG_WARN_BOOL_CONVERSION = YES;
				CLANG_WARN_COMMA = YES;
				CLANG_WARN_CONSTANT_CONVERSION = YES;
				CLANG_WARN_DEPRECATED_OBJC_IMPLEMENTATIONS = YES;
				CLANG_WARN_DIRECT_OBJC_ISA_USAGE = YES_ERROR;
				CLANG_WARN_EMPTY_BODY = YES;
				CLANG_WARN_ENUM_CONVERSION = YES;
				CLANG_WARN_INFINITE_RECURSION = YES;
				CLANG_WARN_INT_CONVERSION = YES;
				CLANG_WARN_NON_LITERAL_NULL_CONVERSION = YES;
				CLANG_WARN_OBJC_IMPLICIT_RETAIN_SELF = YES;
				CLANG_WARN_OBJC_LITERAL_CONVERSION = YES;
				CLANG_WARN_OBJC_ROOT_CLASS = YES_ERROR;
				CLANG_WARN_RANGE_LOOP_ANALYSIS = YES;
				CLANG_WARN_STRICT_PROTOTYPES = YES;
				CLANG_WARN_SUSPICIOUS_MOVE = YES;
				CLANG_WARN_UNREACHABLE_CODE = YES;
				CLANG_WARN__DUPLICATE_METHOD_MATCH = YES;
				"CODE_SIGN_IDENTITY[sdk=iphoneos*]" = "iPhone Developer";
				COPY_PHASE_STRIP = YES;
				DEFINES_MODULE = YES;
				ENABLE_NS_ASSERTIONS = NO;
				ENABLE_STRICT_OBJC_MSGSEND = YES;
				GCC_C_LANGUAGE_STANDARD = gnu99;
				GCC_NO_COMMON_BLOCKS = YES;
				GCC_WARN_64_TO_32_BIT_CONVERSION = YES;
				GCC_WARN_ABOUT_RETURN_TYPE = YES_ERROR;
				GCC_WARN_UNDECLARED_SELECTOR = YES;
				GCC_WARN_UNINITIALIZED_AUTOS = YES_AGGRESSIVE;
				GCC_WARN_UNUSED_FUNCTION = YES;
				GCC_WARN_UNUSED_VARIABLE = YES;
				IPHONEOS_DEPLOYMENT_TARGET = 9.0;
				SDKROOT = iphoneos;
				SWIFT_OPTIMIZATION_LEVEL = "-Owholemodule";
				TARGETED_DEVICE_FAMILY = "1,2";
				VALIDATE_PRODUCT = YES;
			};
			name = Release;
		};
		6003F5C0195388D20070C39A /* Debug */ = {
			isa = XCBuildConfiguration;
			baseConfigurationReference = AD982F81C05A586DC692E518 /* Pods-KWSiOSSDKObjC_Example.debug.xcconfig */;
			buildSettings = {
				ALWAYS_EMBED_SWIFT_STANDARD_LIBRARIES = YES;
				ASSETCATALOG_COMPILER_APPICON_NAME = AppIcon;
				ASSETCATALOG_COMPILER_LAUNCHIMAGE_NAME = LaunchImage;
				CLANG_ALLOW_NON_MODULAR_INCLUDES_IN_FRAMEWORK_MODULES = NO;
				CLANG_ENABLE_MODULES = YES;
				CODE_SIGN_ENTITLEMENTS = KWSiOSSDKObjC_Example.entitlements;
				CODE_SIGN_IDENTITY = "iPhone Developer: Gabriel Coman (AWY9H4HC9C)";
				"CODE_SIGN_IDENTITY[sdk=iphoneos*]" = "iPhone Developer";
				DEFINES_MODULE = NO;
				DEVELOPMENT_TEAM = K79XEZP48K;
				ENABLE_BITCODE = NO;
				GCC_PRECOMPILE_PREFIX_HEADER = YES;
				GCC_PREFIX_HEADER = "KWSiOSSDKObjC/KWSiOSSDKObjC-Prefix.pch";
				INFOPLIST_FILE = "KWSiOSSDKObjC/KWSiOSSDKObjC-Info.plist";
				IPHONEOS_DEPLOYMENT_TARGET = 9.0;
				LD_RUNPATH_SEARCH_PATHS = "$(inherited) @executable_path/Frameworks";
				MODULE_NAME = ExampleApp;
				PRODUCT_BUNDLE_IDENTIFIER = org.cocoapods.demo.KWSiOSSDKObjC;
				PRODUCT_NAME = "$(TARGET_NAME)";
				PROVISIONING_PROFILE = "";
				PROVISIONING_PROFILE_SPECIFIER = "";
				SWIFT_INCLUDE_PATHS = "";
				SWIFT_OBJC_BRIDGING_HEADER = "KWSiOSSDKObjC/KWSiOSSDKObjC_Example-Bridging-Header.h";
				SWIFT_OPTIMIZATION_LEVEL = "-Onone";
				SWIFT_VERSION = 3.0;
				TARGETED_DEVICE_FAMILY = "1,2";
				WRAPPER_EXTENSION = app;
			};
			name = Debug;
		};
		6003F5C1195388D20070C39A /* Release */ = {
			isa = XCBuildConfiguration;
			baseConfigurationReference = 3104F21C8D347646BD310E40 /* Pods-KWSiOSSDKObjC_Example.release.xcconfig */;
			buildSettings = {
				ALWAYS_EMBED_SWIFT_STANDARD_LIBRARIES = YES;
				ASSETCATALOG_COMPILER_APPICON_NAME = AppIcon;
				ASSETCATALOG_COMPILER_LAUNCHIMAGE_NAME = LaunchImage;
				CLANG_ALLOW_NON_MODULAR_INCLUDES_IN_FRAMEWORK_MODULES = NO;
				CLANG_ENABLE_MODULES = YES;
				CODE_SIGN_ENTITLEMENTS = KWSiOSSDKObjC_Example.entitlements;
				CODE_SIGN_IDENTITY = "iPhone Developer: Gabriel Coman (AWY9H4HC9C)";
				"CODE_SIGN_IDENTITY[sdk=iphoneos*]" = "iPhone Developer";
				DEFINES_MODULE = NO;
				DEVELOPMENT_TEAM = K79XEZP48K;
				ENABLE_BITCODE = NO;
				GCC_PRECOMPILE_PREFIX_HEADER = YES;
				GCC_PREFIX_HEADER = "KWSiOSSDKObjC/KWSiOSSDKObjC-Prefix.pch";
				INFOPLIST_FILE = "KWSiOSSDKObjC/KWSiOSSDKObjC-Info.plist";
				IPHONEOS_DEPLOYMENT_TARGET = 9.0;
				LD_RUNPATH_SEARCH_PATHS = "$(inherited) @executable_path/Frameworks";
				MODULE_NAME = ExampleApp;
				PRODUCT_BUNDLE_IDENTIFIER = org.cocoapods.demo.KWSiOSSDKObjC;
				PRODUCT_NAME = "$(TARGET_NAME)";
				PROVISIONING_PROFILE = "";
				PROVISIONING_PROFILE_SPECIFIER = "";
				SWIFT_INCLUDE_PATHS = "";
				SWIFT_OBJC_BRIDGING_HEADER = "KWSiOSSDKObjC/KWSiOSSDKObjC_Example-Bridging-Header.h";
				SWIFT_VERSION = 3.0;
				TARGETED_DEVICE_FAMILY = "1,2";
				WRAPPER_EXTENSION = app;
			};
			name = Release;
		};
		6003F5C3195388D20070C39A /* Debug */ = {
			isa = XCBuildConfiguration;
			baseConfigurationReference = 7AC62AF8E5058CC49024DDCE /* Pods-KWSiOSSDKObjC_Tests.debug.xcconfig */;
			buildSettings = {
				ALWAYS_EMBED_SWIFT_STANDARD_LIBRARIES = YES;
				BUNDLE_LOADER = "$(TEST_HOST)";
				CLANG_ENABLE_MODULES = YES;
				DEVELOPMENT_TEAM = "";
				FRAMEWORK_SEARCH_PATHS = (
					"$(SDKROOT)/Developer/Library/Frameworks",
					"$(inherited)",
					"$(DEVELOPER_FRAMEWORKS_DIR)",
				);
				GCC_PRECOMPILE_PREFIX_HEADER = YES;
				GCC_PREFIX_HEADER = "Tests/Tests-Prefix.pch";
				GCC_PREPROCESSOR_DEFINITIONS = (
					"DEBUG=1",
					"$(inherited)",
				);
				INFOPLIST_FILE = "Tests/Tests-Info.plist";
				LD_RUNPATH_SEARCH_PATHS = "$(inherited) @executable_path/Frameworks @loader_path/Frameworks";
				PRODUCT_BUNDLE_IDENTIFIER = "org.cocoapods.demo.${PRODUCT_NAME:rfc1034identifier}";
				PRODUCT_NAME = "$(TARGET_NAME)";
				SWIFT_OBJC_BRIDGING_HEADER = "Tests/KWSiOSSDKObjC_Tests-Bridging-Header.h";
				SWIFT_OPTIMIZATION_LEVEL = "-Onone";
				SWIFT_VERSION = 3.0;
				TEST_HOST = "$(BUILT_PRODUCTS_DIR)/KWSiOSSDKObjC_Example.app/KWSiOSSDKObjC_Example";
				WRAPPER_EXTENSION = xctest;
			};
			name = Debug;
		};
		6003F5C4195388D20070C39A /* Release */ = {
			isa = XCBuildConfiguration;
			baseConfigurationReference = FD857536016DA4F86ACFB196 /* Pods-KWSiOSSDKObjC_Tests.release.xcconfig */;
			buildSettings = {
				ALWAYS_EMBED_SWIFT_STANDARD_LIBRARIES = YES;
				BUNDLE_LOADER = "$(TEST_HOST)";
				CLANG_ENABLE_MODULES = YES;
				DEVELOPMENT_TEAM = "";
				FRAMEWORK_SEARCH_PATHS = (
					"$(SDKROOT)/Developer/Library/Frameworks",
					"$(inherited)",
					"$(DEVELOPER_FRAMEWORKS_DIR)",
				);
				GCC_PRECOMPILE_PREFIX_HEADER = YES;
				GCC_PREFIX_HEADER = "Tests/Tests-Prefix.pch";
				INFOPLIST_FILE = "Tests/Tests-Info.plist";
				LD_RUNPATH_SEARCH_PATHS = "$(inherited) @executable_path/Frameworks @loader_path/Frameworks";
				PRODUCT_BUNDLE_IDENTIFIER = "org.cocoapods.demo.${PRODUCT_NAME:rfc1034identifier}";
				PRODUCT_NAME = "$(TARGET_NAME)";
				SWIFT_OBJC_BRIDGING_HEADER = "Tests/KWSiOSSDKObjC_Tests-Bridging-Header.h";
				SWIFT_VERSION = 3.0;
				TEST_HOST = "$(BUILT_PRODUCTS_DIR)/KWSiOSSDKObjC_Example.app/KWSiOSSDKObjC_Example";
				WRAPPER_EXTENSION = xctest;
			};
			name = Release;
		};
/* End XCBuildConfiguration section */

/* Begin XCConfigurationList section */
		6003F585195388D10070C39A /* Build configuration list for PBXProject "KWSiOSSDKObjC" */ = {
			isa = XCConfigurationList;
			buildConfigurations = (
				6003F5BD195388D20070C39A /* Debug */,
				6003F5BE195388D20070C39A /* Release */,
			);
			defaultConfigurationIsVisible = 0;
			defaultConfigurationName = Release;
		};
		6003F5BF195388D20070C39A /* Build configuration list for PBXNativeTarget "KWSiOSSDKObjC_Example" */ = {
			isa = XCConfigurationList;
			buildConfigurations = (
				6003F5C0195388D20070C39A /* Debug */,
				6003F5C1195388D20070C39A /* Release */,
			);
			defaultConfigurationIsVisible = 0;
			defaultConfigurationName = Release;
		};
		6003F5C2195388D20070C39A /* Build configuration list for PBXNativeTarget "KWSiOSSDKObjC_Tests" */ = {
			isa = XCConfigurationList;
			buildConfigurations = (
				6003F5C3195388D20070C39A /* Debug */,
				6003F5C4195388D20070C39A /* Release */,
			);
			defaultConfigurationIsVisible = 0;
			defaultConfigurationName = Release;
		};
/* End XCConfigurationList section */
	};
	rootObject = 6003F582195388D10070C39A /* Project object */;
}
